// !$*UTF8*$!
{
	archiveVersion = 1;
	classes = {
	};
	objectVersion = 46;
	objects = {

/* Begin PBXBuildFile section */
		4144D91B1C2FAF7C00076FE5 /* TransportationTableViewCell.swift in Sources */ = {isa = PBXBuildFile; fileRef = 4144D91A1C2FAF7C00076FE5 /* TransportationTableViewCell.swift */; };
		415CDE3D1C30FF7800402186 /* Request.swift in Sources */ = {isa = PBXBuildFile; fileRef = 415CDE3C1C30FF7700402186 /* Request.swift */; };
		41A6AD061C3AA2270085BDC4 /* CircleShapeLayer.m in Sources */ = {isa = PBXBuildFile; fileRef = 41A6AD031C3AA2270085BDC4 /* CircleShapeLayer.m */; };
		41A6AD071C3AA2270085BDC4 /* CircleProgressView.m in Sources */ = {isa = PBXBuildFile; fileRef = 41A6AD051C3AA2270085BDC4 /* CircleProgressView.m */; };
		710262821C1D4B4C0009724D /* NewTransportationViewController.swift in Sources */ = {isa = PBXBuildFile; fileRef = 710262811C1D4B4C0009724D /* NewTransportationViewController.swift */; };
		7107F5781C29F3B3002817D6 /* FloatRatingView.swift in Sources */ = {isa = PBXBuildFile; fileRef = 7107F5771C29F3B3002817D6 /* FloatRatingView.swift */; };
		7111A51E1C1BC33600FA17A5 /* Profile.storyboard in Resources */ = {isa = PBXBuildFile; fileRef = 7111A51D1C1BC33600FA17A5 /* Profile.storyboard */; };
		7111A5201C1BC55100FA17A5 /* ProfileViewController.swift in Sources */ = {isa = PBXBuildFile; fileRef = 7111A51F1C1BC55100FA17A5 /* ProfileViewController.swift */; };
		7115C4191C21A0CA0029ACB6 /* UIVViewController-SLPopup.swift in Sources */ = {isa = PBXBuildFile; fileRef = 7115C4181C21A0CA0029ACB6 /* UIVViewController-SLPopup.swift */; };
		711717E31C2A841A006B5E58 /* SanFranciscoDisplay-Semibold.otf in Resources */ = {isa = PBXBuildFile; fileRef = 711717E11C2A841A006B5E58 /* SanFranciscoDisplay-Semibold.otf */; };
		711717E41C2A841A006B5E58 /* SanFranciscoDisplay-Thin.otf in Resources */ = {isa = PBXBuildFile; fileRef = 711717E21C2A841A006B5E58 /* SanFranciscoDisplay-Thin.otf */; };
		711E1AAF1C2E313D005D0C16 /* default_banner.jpg in Resources */ = {isa = PBXBuildFile; fileRef = 711E1AAE1C2E313D005D0C16 /* default_banner.jpg */; };
		711E1AB11C2E888A005D0C16 /* background.jpg in Resources */ = {isa = PBXBuildFile; fileRef = 711E1AB01C2E888A005D0C16 /* background.jpg */; };
		712171D51C311A7D00D9B397 /* SCLAlertView.swift in Sources */ = {isa = PBXBuildFile; fileRef = 712171D41C311A7D00D9B397 /* SCLAlertView.swift */; };
		712E9F071C2BBC03006BE6CA /* DetailServiceViewController.swift in Sources */ = {isa = PBXBuildFile; fileRef = 712E9F061C2BBC03006BE6CA /* DetailServiceViewController.swift */; };
		71437D311C225333003B3AE1 /* User.swift in Sources */ = {isa = PBXBuildFile; fileRef = 71437D301C225333003B3AE1 /* User.swift */; };
		71437D331C225BB1003B3AE1 /* XEEMService.swift in Sources */ = {isa = PBXBuildFile; fileRef = 71437D321C225BB1003B3AE1 /* XEEMService.swift */; };
		71721BB41C2CDC62008E7E56 /* BannerCell.swift in Sources */ = {isa = PBXBuildFile; fileRef = 71721BB31C2CDC62008E7E56 /* BannerCell.swift */; };
		71721BB61C2CE003008E7E56 /* InfoCell.swift in Sources */ = {isa = PBXBuildFile; fileRef = 71721BB51C2CE003008E7E56 /* InfoCell.swift */; };
		71721BB81C2CF5AB008E7E56 /* QuotationCell.swift in Sources */ = {isa = PBXBuildFile; fileRef = 71721BB71C2CF5AB008E7E56 /* QuotationCell.swift */; };
		71721BBA1C2CFA32008E7E56 /* SeeMoresCell.swift in Sources */ = {isa = PBXBuildFile; fileRef = 71721BB91C2CFA32008E7E56 /* SeeMoresCell.swift */; };
		71721BBC1C2D00ED008E7E56 /* ReviewsCell.swift in Sources */ = {isa = PBXBuildFile; fileRef = 71721BBB1C2D00ED008E7E56 /* ReviewsCell.swift */; };
		7173FB571C215CE700C1DD3A /* ColorUtils.swift in Sources */ = {isa = PBXBuildFile; fileRef = 7173FB561C215CE600C1DD3A /* ColorUtils.swift */; };
		7173FB591C2180BC00C1DD3A /* UIUtils.swift in Sources */ = {isa = PBXBuildFile; fileRef = 7173FB581C2180BC00C1DD3A /* UIUtils.swift */; };
		7179274F1C288DAC002C399F /* FilterServiceCell.swift in Sources */ = {isa = PBXBuildFile; fileRef = 7179274E1C288DAC002C399F /* FilterServiceCell.swift */; };
		718FAF8B1C2A810D00AB5C57 /* SanFranciscoDisplay-Black.otf in Resources */ = {isa = PBXBuildFile; fileRef = 718FAF821C2A810D00AB5C57 /* SanFranciscoDisplay-Black.otf */; };
		718FAF8C1C2A810D00AB5C57 /* SanFranciscoDisplay-Bold.otf in Resources */ = {isa = PBXBuildFile; fileRef = 718FAF831C2A810D00AB5C57 /* SanFranciscoDisplay-Bold.otf */; };
		718FAF8D1C2A810D00AB5C57 /* SanFranciscoDisplay-Heavy.otf in Resources */ = {isa = PBXBuildFile; fileRef = 718FAF841C2A810D00AB5C57 /* SanFranciscoDisplay-Heavy.otf */; };
		718FAF8E1C2A810D00AB5C57 /* SanFranciscoDisplay-Light.otf in Resources */ = {isa = PBXBuildFile; fileRef = 718FAF851C2A810D00AB5C57 /* SanFranciscoDisplay-Light.otf */; };
		718FAF8F1C2A810D00AB5C57 /* SanFranciscoDisplay-Medium.otf in Resources */ = {isa = PBXBuildFile; fileRef = 718FAF861C2A810D00AB5C57 /* SanFranciscoDisplay-Medium.otf */; };
		718FAF901C2A810D00AB5C57 /* SanFranciscoDisplay-Regular.otf in Resources */ = {isa = PBXBuildFile; fileRef = 718FAF871C2A810D00AB5C57 /* SanFranciscoDisplay-Regular.otf */; };
		718FAF931C2A810D00AB5C57 /* SanFranciscoDisplay-Ultralight.otf in Resources */ = {isa = PBXBuildFile; fileRef = 718FAF8A1C2A810D00AB5C57 /* SanFranciscoDisplay-Ultralight.otf */; };
		71BA05061C2D54B600FAC038 /* UINavigationBar+Awesome.m in Sources */ = {isa = PBXBuildFile; fileRef = 71BA05051C2D54B600FAC038 /* UINavigationBar+Awesome.m */; };
		71CD91E71C292BA800DDE36C /* ApplyFilterCell.swift in Sources */ = {isa = PBXBuildFile; fileRef = 71CD91E61C292BA800DDE36C /* ApplyFilterCell.swift */; };
		71F0A6A91C284FE900A1AAD3 /* LeftViewController.swift in Sources */ = {isa = PBXBuildFile; fileRef = 71F0A6A81C284FE900A1AAD3 /* LeftViewController.swift */; };
		71F0A6AB1C284FF400A1AAD3 /* RightViewController.swift in Sources */ = {isa = PBXBuildFile; fileRef = 71F0A6AA1C284FF400A1AAD3 /* RightViewController.swift */; };
		71F4A2EF1C1BF8F0008BF810 /* Transportation.swift in Sources */ = {isa = PBXBuildFile; fileRef = 71F4A2EE1C1BF8F0008BF810 /* Transportation.swift */; };
		71F4A2F31C1C18B8008BF810 /* TransportationDetailControllerViewController.swift in Sources */ = {isa = PBXBuildFile; fileRef = 71F4A2F21C1C18B8008BF810 /* TransportationDetailControllerViewController.swift */; };
		71F4A2F51C1C197F008BF810 /* HistoryCell.swift in Sources */ = {isa = PBXBuildFile; fileRef = 71F4A2F41C1C197F008BF810 /* HistoryCell.swift */; };
		71F4A2F81C1C2E4F008BF810 /* HistoryDetailPopup.xib in Resources */ = {isa = PBXBuildFile; fileRef = 71F4A2F71C1C2E4F008BF810 /* HistoryDetailPopup.xib */; };
		71F4A2FA1C1C3947008BF810 /* HistoryDetailControler.swift in Sources */ = {isa = PBXBuildFile; fileRef = 71F4A2F91C1C3947008BF810 /* HistoryDetailControler.swift */; };
		71F4A3001C1C9552008BF810 /* MKTextField.swift in Sources */ = {isa = PBXBuildFile; fileRef = 71F4A2FF1C1C9552008BF810 /* MKTextField.swift */; };
		71F4A3021C1C959C008BF810 /* MKLayer.swift in Sources */ = {isa = PBXBuildFile; fileRef = 71F4A3011C1C959C008BF810 /* MKLayer.swift */; };
		71F4A3041C1C95BB008BF810 /* MKColor.swift in Sources */ = {isa = PBXBuildFile; fileRef = 71F4A3031C1C95BB008BF810 /* MKColor.swift */; };
		71F4A3061C1C9B96008BF810 /* EditProfileViewController.swift in Sources */ = {isa = PBXBuildFile; fileRef = 71F4A3051C1C9B96008BF810 /* EditProfileViewController.swift */; };
		75E1F9AB0664F82DD907FF7D /* Pods_XEEM.framework in Frameworks */ = {isa = PBXBuildFile; fileRef = 7F7B23F394701BFA5CF812E5 /* Pods_XEEM.framework */; };
		A60EE73D1C2EFD2200306B2B /* EmergencyView.xib in Resources */ = {isa = PBXBuildFile; fileRef = A60EE73C1C2EFD2200306B2B /* EmergencyView.xib */; };
		A60EE73F1C2F05D300306B2B /* ReceivedViewController.swift in Sources */ = {isa = PBXBuildFile; fileRef = A60EE73E1C2F05D300306B2B /* ReceivedViewController.swift */; };
		A621F6021C28770E00D19952 /* ListReviewViewController.swift in Sources */ = {isa = PBXBuildFile; fileRef = A621F6011C28770E00D19952 /* ListReviewViewController.swift */; };
		A62206141C269DFF00B7C864 /* SideMenuController.swift in Sources */ = {isa = PBXBuildFile; fileRef = A62206131C269DFF00B7C864 /* SideMenuController.swift */; };
		A62206161C26A66300B7C864 /* OptionsViewController.swift in Sources */ = {isa = PBXBuildFile; fileRef = A62206151C26A66300B7C864 /* OptionsViewController.swift */; };
		A629C3E51C16BF9000D77F69 /* User.storyboard in Resources */ = {isa = PBXBuildFile; fileRef = A629C3E41C16BF9000D77F69 /* User.storyboard */; };
		A629C3E71C16BF9D00D77F69 /* Service.storyboard in Resources */ = {isa = PBXBuildFile; fileRef = A629C3E61C16BF9D00D77F69 /* Service.storyboard */; };
		A629C3EB1C16C47900D77F69 /* (null) in Resources */ = {isa = PBXBuildFile; };
		A699AE831C311599006445B1 /* Assets.xcassets in Resources */ = {isa = PBXBuildFile; fileRef = A699AE821C311599006445B1 /* Assets.xcassets */; };
		A699AEE31C319935006445B1 /* FristViewController.swift in Sources */ = {isa = PBXBuildFile; fileRef = A699AEE21C319935006445B1 /* FristViewController.swift */; };
		A69B8E9D1C29CD51005D8BD6 /* (null) in Resources */ = {isa = PBXBuildFile; };
		A69B8EA11C29D55D005D8BD6 /* (null) in Sources */ = {isa = PBXBuildFile; };
		A69BDDDB1C181714005CA6C6 /* SwiftySideMenuViewController.m in Sources */ = {isa = PBXBuildFile; fileRef = A69BDDD81C181714005CA6C6 /* SwiftySideMenuViewController.m */; };
		A69BDDDC1C181714005CA6C6 /* UIViewController+SwiftySideMenu.m in Sources */ = {isa = PBXBuildFile; fileRef = A69BDDDA1C181714005CA6C6 /* UIViewController+SwiftySideMenu.m */; };
		A69BDDE11C181D0B005CA6C6 /* TimelineViewController.swift in Sources */ = {isa = PBXBuildFile; fileRef = A69BDDE01C181D0B005CA6C6 /* TimelineViewController.swift */; };
		A6C5DD9A1C1D378200A7DB9D /* RateView.m in Sources */ = {isa = PBXBuildFile; fileRef = A6C5DD991C1D378200A7DB9D /* RateView.m */; };
		A6C5DD9C1C1D420A00A7DB9D /* RepairServiceViewController.swift in Sources */ = {isa = PBXBuildFile; fileRef = A6C5DD9B1C1D420A00A7DB9D /* RepairServiceViewController.swift */; };
		A6C5DD9F1C1D44B400A7DB9D /* ServiceDetailNameCell.swift in Sources */ = {isa = PBXBuildFile; fileRef = A6C5DD9D1C1D44B400A7DB9D /* ServiceDetailNameCell.swift */; };
		A6C5DDA01C1D44B400A7DB9D /* ServiceDetailNameCell.xib in Resources */ = {isa = PBXBuildFile; fileRef = A6C5DD9E1C1D44B400A7DB9D /* ServiceDetailNameCell.xib */; };
		A6C5DDA31C1DA4DC00A7DB9D /* QuotesTableViewCell.swift in Sources */ = {isa = PBXBuildFile; fileRef = A6C5DDA11C1DA4DC00A7DB9D /* QuotesTableViewCell.swift */; };
		A6C5DDA41C1DA4DC00A7DB9D /* QuotesTableViewCell.xib in Resources */ = {isa = PBXBuildFile; fileRef = A6C5DDA21C1DA4DC00A7DB9D /* QuotesTableViewCell.xib */; };
		A6C5DDA71C1DAA0F00A7DB9D /* ShowmoreCell.swift in Sources */ = {isa = PBXBuildFile; fileRef = A6C5DDA51C1DAA0F00A7DB9D /* ShowmoreCell.swift */; };
		A6C5DDA81C1DAA0F00A7DB9D /* ShowmoreCell.xib in Resources */ = {isa = PBXBuildFile; fileRef = A6C5DDA61C1DAA0F00A7DB9D /* ShowmoreCell.xib */; };
		A6C5DDAB1C1DAE5200A7DB9D /* ReviewCell.swift in Sources */ = {isa = PBXBuildFile; fileRef = A6C5DDA91C1DAE5200A7DB9D /* ReviewCell.swift */; };
		A6C5DDAC1C1DAE5200A7DB9D /* ReviewCell.xib in Resources */ = {isa = PBXBuildFile; fileRef = A6C5DDAA1C1DAE5200A7DB9D /* ReviewCell.xib */; };
		A6C646AF1C254D9500B417C9 /* ShopModel.swift in Sources */ = {isa = PBXBuildFile; fileRef = A6C646AE1C254D9500B417C9 /* ShopModel.swift */; };
		A6C646B11C254F6D00B417C9 /* ReviewModel.swift in Sources */ = {isa = PBXBuildFile; fileRef = A6C646B01C254F6D00B417C9 /* ReviewModel.swift */; };
		A6C646B31C25503500B417C9 /* Quotes.swift in Sources */ = {isa = PBXBuildFile; fileRef = A6C646B21C25503500B417C9 /* Quotes.swift */; };
		A6D2C5C51C2998E500321254 /* ConfrimViewController.swift in Sources */ = {isa = PBXBuildFile; fileRef = A6D2C5C41C2998E500321254 /* ConfrimViewController.swift */; };
		A6D2C5D21C29A78400321254 /* XHAmazingLoadingMusicsAnimation.m in Sources */ = {isa = PBXBuildFile; fileRef = A6D2C5CD1C29A78400321254 /* XHAmazingLoadingMusicsAnimation.m */; };
		A6D2C5D31C29A78400321254 /* XHAmazingLoadingSkypeAnimation.m in Sources */ = {isa = PBXBuildFile; fileRef = A6D2C5CF1C29A78400321254 /* XHAmazingLoadingSkypeAnimation.m */; };
		A6D2C5D41C29A78400321254 /* XHAmazingLoadingStarAnimation.m in Sources */ = {isa = PBXBuildFile; fileRef = A6D2C5D11C29A78400321254 /* XHAmazingLoadingStarAnimation.m */; };
		A6D2C5D81C29A79800321254 /* XHLayerHelper.m in Sources */ = {isa = PBXBuildFile; fileRef = A6D2C5D71C29A79800321254 /* XHLayerHelper.m */; };
		A6D2C5DE1C29A7B800321254 /* XHAmazingLoadingView.m in Sources */ = {isa = PBXBuildFile; fileRef = A6D2C5DD1C29A7B800321254 /* XHAmazingLoadingView.m */; };
		A6D83C3A1C2F12330053DD64 /* FinishServiceViewController.swift in Sources */ = {isa = PBXBuildFile; fileRef = A6D83C391C2F12330053DD64 /* FinishServiceViewController.swift */; };
		A6DEFCB01C298B89000DBCB4 /* ConfrimPopUp.xib in Resources */ = {isa = PBXBuildFile; fileRef = A6DEFCAF1C298B89000DBCB4 /* ConfrimPopUp.xib */; };
		A6E6B9951C31D4F500ECD58C /* Login.storyboard in Resources */ = {isa = PBXBuildFile; fileRef = A6E6B9941C31D4F500ECD58C /* Login.storyboard */; };
		CE13954A1C1087D100A67657 /* AppDelegate.swift in Sources */ = {isa = PBXBuildFile; fileRef = CE1395491C1087D100A67657 /* AppDelegate.swift */; };
		CE13954F1C1087D100A67657 /* Main.storyboard in Resources */ = {isa = PBXBuildFile; fileRef = CE13954D1C1087D100A67657 /* Main.storyboard */; };
		CE1395511C1087D100A67657 /* Assets.xcassets in Resources */ = {isa = PBXBuildFile; fileRef = CE1395501C1087D100A67657 /* Assets.xcassets */; };
		CE1395541C1087D100A67657 /* LaunchScreen.storyboard in Resources */ = {isa = PBXBuildFile; fileRef = CE1395521C1087D100A67657 /* LaunchScreen.storyboard */; };
		CE5514AF1C2AEE90006DF3B5 /* EmergencyViewController.swift in Sources */ = {isa = PBXBuildFile; fileRef = CE5514AE1C2AEE90006DF3B5 /* EmergencyViewController.swift */; };
		CE7762431C253D860074937F /* ChangePasswordViewController.swift in Sources */ = {isa = PBXBuildFile; fileRef = CE7762421C253D860074937F /* ChangePasswordViewController.swift */; };
		CE7762451C254D1E0074937F /* CurrencyTableViewCell.swift in Sources */ = {isa = PBXBuildFile; fileRef = CE7762441C254D1E0074937F /* CurrencyTableViewCell.swift */; };
		CE8C133C1C1DC15C00D1AA09 /* XEEMViewController.swift in Sources */ = {isa = PBXBuildFile; fileRef = CE8C13391C1DC15C00D1AA09 /* XEEMViewController.swift */; };
		CE8C133D1C1DC15C00D1AA09 /* RegisterViewController.swift in Sources */ = {isa = PBXBuildFile; fileRef = CE8C133A1C1DC15C00D1AA09 /* RegisterViewController.swift */; };
		CE8C133E1C1DC15C00D1AA09 /* ForgotPasswordViewController.swift in Sources */ = {isa = PBXBuildFile; fileRef = CE8C133B1C1DC15C00D1AA09 /* ForgotPasswordViewController.swift */; };
		CECBE02E1C22EA24004F6C55 /* PaymentMethodViewController.swift in Sources */ = {isa = PBXBuildFile; fileRef = CECBE02D1C22EA24004F6C55 /* PaymentMethodViewController.swift */; };
		CECBE0301C22EA52004F6C55 /* SettingViewController.swift in Sources */ = {isa = PBXBuildFile; fileRef = CECBE02F1C22EA52004F6C55 /* SettingViewController.swift */; };
		CECBE0341C23007B004F6C55 /* PaymentMethodTableViewCell.swift in Sources */ = {isa = PBXBuildFile; fileRef = CECBE0331C23007B004F6C55 /* PaymentMethodTableViewCell.swift */; };
		CEDB2EA01C27E013009730C9 /* RequestLoadingViewController.swift in Sources */ = {isa = PBXBuildFile; fileRef = CEDB2E9F1C27E013009730C9 /* RequestLoadingViewController.swift */; };
		CEDB2EA21C27E036009730C9 /* ReceivedServiceViewController.swift in Sources */ = {isa = PBXBuildFile; fileRef = CEDB2EA11C27E036009730C9 /* ReceivedServiceViewController.swift */; };
		CEDB2EA61C27E05C009730C9 /* ServiceSummaryViewController.swift in Sources */ = {isa = PBXBuildFile; fileRef = CEDB2EA51C27E05C009730C9 /* ServiceSummaryViewController.swift */; };
/* End PBXBuildFile section */

/* Begin PBXContainerItemProxy section */
		A699AE8D1C311599006445B1 /* PBXContainerItemProxy */ = {
			isa = PBXContainerItemProxy;
			containerPortal = CE13953E1C1087D000A67657 /* Project object */;
			proxyType = 1;
			remoteGlobalIDString = A699AE781C311599006445B1;
			remoteInfo = XEEM_CUSTOMER;
		};
		A699AE981C311599006445B1 /* PBXContainerItemProxy */ = {
			isa = PBXContainerItemProxy;
			containerPortal = CE13953E1C1087D000A67657 /* Project object */;
			proxyType = 1;
			remoteGlobalIDString = A699AE781C311599006445B1;
			remoteInfo = XEEM_CUSTOMER;
		};
/* End PBXContainerItemProxy section */

/* Begin PBXFileReference section */
		4144D91A1C2FAF7C00076FE5 /* TransportationTableViewCell.swift */ = {isa = PBXFileReference; fileEncoding = 4; lastKnownFileType = sourcecode.swift; path = TransportationTableViewCell.swift; sourceTree = "<group>"; };
		415CDE3C1C30FF7700402186 /* Request.swift */ = {isa = PBXFileReference; fileEncoding = 4; lastKnownFileType = sourcecode.swift; path = Request.swift; sourceTree = "<group>"; };
		41A6AD021C3AA2270085BDC4 /* CircleShapeLayer.h */ = {isa = PBXFileReference; fileEncoding = 4; lastKnownFileType = sourcecode.c.h; path = CircleShapeLayer.h; sourceTree = "<group>"; };
		41A6AD031C3AA2270085BDC4 /* CircleShapeLayer.m */ = {isa = PBXFileReference; fileEncoding = 4; lastKnownFileType = sourcecode.c.objc; path = CircleShapeLayer.m; sourceTree = "<group>"; };
		41A6AD041C3AA2270085BDC4 /* CircleProgressView.h */ = {isa = PBXFileReference; fileEncoding = 4; lastKnownFileType = sourcecode.c.h; path = CircleProgressView.h; sourceTree = "<group>"; };
		41A6AD051C3AA2270085BDC4 /* CircleProgressView.m */ = {isa = PBXFileReference; fileEncoding = 4; lastKnownFileType = sourcecode.c.objc; path = CircleProgressView.m; sourceTree = "<group>"; };
		710262811C1D4B4C0009724D /* NewTransportationViewController.swift */ = {isa = PBXFileReference; fileEncoding = 4; lastKnownFileType = sourcecode.swift; path = NewTransportationViewController.swift; sourceTree = "<group>"; };
		7107F5771C29F3B3002817D6 /* FloatRatingView.swift */ = {isa = PBXFileReference; fileEncoding = 4; lastKnownFileType = sourcecode.swift; path = FloatRatingView.swift; sourceTree = "<group>"; };
		7111A51D1C1BC33600FA17A5 /* Profile.storyboard */ = {isa = PBXFileReference; fileEncoding = 4; lastKnownFileType = file.storyboard; path = Profile.storyboard; sourceTree = "<group>"; };
		7111A51F1C1BC55100FA17A5 /* ProfileViewController.swift */ = {isa = PBXFileReference; fileEncoding = 4; lastKnownFileType = sourcecode.swift; path = ProfileViewController.swift; sourceTree = "<group>"; };
		7115C4181C21A0CA0029ACB6 /* UIVViewController-SLPopup.swift */ = {isa = PBXFileReference; fileEncoding = 4; lastKnownFileType = sourcecode.swift; path = "UIVViewController-SLPopup.swift"; sourceTree = "<group>"; };
		711717E11C2A841A006B5E58 /* SanFranciscoDisplay-Semibold.otf */ = {isa = PBXFileReference; lastKnownFileType = file; name = "SanFranciscoDisplay-Semibold.otf"; path = "Fonts/SanFranciscoDisplay-Semibold.otf"; sourceTree = "<group>"; };
		711717E21C2A841A006B5E58 /* SanFranciscoDisplay-Thin.otf */ = {isa = PBXFileReference; lastKnownFileType = file; name = "SanFranciscoDisplay-Thin.otf"; path = "Fonts/SanFranciscoDisplay-Thin.otf"; sourceTree = "<group>"; };
		711E1AAE1C2E313D005D0C16 /* default_banner.jpg */ = {isa = PBXFileReference; lastKnownFileType = image.jpeg; path = default_banner.jpg; sourceTree = "<group>"; };
		711E1AB01C2E888A005D0C16 /* background.jpg */ = {isa = PBXFileReference; lastKnownFileType = image.jpeg; path = background.jpg; sourceTree = "<group>"; };
		712171D41C311A7D00D9B397 /* SCLAlertView.swift */ = {isa = PBXFileReference; fileEncoding = 4; lastKnownFileType = sourcecode.swift; path = SCLAlertView.swift; sourceTree = "<group>"; };
		712E9F061C2BBC03006BE6CA /* DetailServiceViewController.swift */ = {isa = PBXFileReference; fileEncoding = 4; lastKnownFileType = sourcecode.swift; path = DetailServiceViewController.swift; sourceTree = "<group>"; };
		71437D301C225333003B3AE1 /* User.swift */ = {isa = PBXFileReference; fileEncoding = 4; lastKnownFileType = sourcecode.swift; path = User.swift; sourceTree = "<group>"; };
		71437D321C225BB1003B3AE1 /* XEEMService.swift */ = {isa = PBXFileReference; fileEncoding = 4; lastKnownFileType = sourcecode.swift; path = XEEMService.swift; sourceTree = "<group>"; };
		71721BB31C2CDC62008E7E56 /* BannerCell.swift */ = {isa = PBXFileReference; fileEncoding = 4; lastKnownFileType = sourcecode.swift; path = BannerCell.swift; sourceTree = "<group>"; };
		71721BB51C2CE003008E7E56 /* InfoCell.swift */ = {isa = PBXFileReference; fileEncoding = 4; lastKnownFileType = sourcecode.swift; path = InfoCell.swift; sourceTree = "<group>"; };
		71721BB71C2CF5AB008E7E56 /* QuotationCell.swift */ = {isa = PBXFileReference; fileEncoding = 4; lastKnownFileType = sourcecode.swift; path = QuotationCell.swift; sourceTree = "<group>"; };
		71721BB91C2CFA32008E7E56 /* SeeMoresCell.swift */ = {isa = PBXFileReference; fileEncoding = 4; lastKnownFileType = sourcecode.swift; path = SeeMoresCell.swift; sourceTree = "<group>"; };
		71721BBB1C2D00ED008E7E56 /* ReviewsCell.swift */ = {isa = PBXFileReference; fileEncoding = 4; lastKnownFileType = sourcecode.swift; path = ReviewsCell.swift; sourceTree = "<group>"; };
		7173FB561C215CE600C1DD3A /* ColorUtils.swift */ = {isa = PBXFileReference; fileEncoding = 4; lastKnownFileType = sourcecode.swift; path = ColorUtils.swift; sourceTree = "<group>"; };
		7173FB581C2180BC00C1DD3A /* UIUtils.swift */ = {isa = PBXFileReference; fileEncoding = 4; lastKnownFileType = sourcecode.swift; path = UIUtils.swift; sourceTree = "<group>"; };
		7179274E1C288DAC002C399F /* FilterServiceCell.swift */ = {isa = PBXFileReference; fileEncoding = 4; lastKnownFileType = sourcecode.swift; path = FilterServiceCell.swift; sourceTree = "<group>"; };
		718FAF821C2A810D00AB5C57 /* SanFranciscoDisplay-Black.otf */ = {isa = PBXFileReference; lastKnownFileType = file; name = "SanFranciscoDisplay-Black.otf"; path = "Fonts/SanFranciscoDisplay-Black.otf"; sourceTree = "<group>"; };
		718FAF831C2A810D00AB5C57 /* SanFranciscoDisplay-Bold.otf */ = {isa = PBXFileReference; lastKnownFileType = file; name = "SanFranciscoDisplay-Bold.otf"; path = "Fonts/SanFranciscoDisplay-Bold.otf"; sourceTree = "<group>"; };
		718FAF841C2A810D00AB5C57 /* SanFranciscoDisplay-Heavy.otf */ = {isa = PBXFileReference; lastKnownFileType = file; name = "SanFranciscoDisplay-Heavy.otf"; path = "Fonts/SanFranciscoDisplay-Heavy.otf"; sourceTree = "<group>"; };
		718FAF851C2A810D00AB5C57 /* SanFranciscoDisplay-Light.otf */ = {isa = PBXFileReference; lastKnownFileType = file; name = "SanFranciscoDisplay-Light.otf"; path = "Fonts/SanFranciscoDisplay-Light.otf"; sourceTree = "<group>"; };
		718FAF861C2A810D00AB5C57 /* SanFranciscoDisplay-Medium.otf */ = {isa = PBXFileReference; lastKnownFileType = file; name = "SanFranciscoDisplay-Medium.otf"; path = "Fonts/SanFranciscoDisplay-Medium.otf"; sourceTree = "<group>"; };
		718FAF871C2A810D00AB5C57 /* SanFranciscoDisplay-Regular.otf */ = {isa = PBXFileReference; lastKnownFileType = file; name = "SanFranciscoDisplay-Regular.otf"; path = "Fonts/SanFranciscoDisplay-Regular.otf"; sourceTree = "<group>"; };
		718FAF8A1C2A810D00AB5C57 /* SanFranciscoDisplay-Ultralight.otf */ = {isa = PBXFileReference; lastKnownFileType = file; name = "SanFranciscoDisplay-Ultralight.otf"; path = "Fonts/SanFranciscoDisplay-Ultralight.otf"; sourceTree = "<group>"; };
		71BA05041C2D54B600FAC038 /* UINavigationBar+Awesome.h */ = {isa = PBXFileReference; fileEncoding = 4; lastKnownFileType = sourcecode.c.h; path = "UINavigationBar+Awesome.h"; sourceTree = "<group>"; };
		71BA05051C2D54B600FAC038 /* UINavigationBar+Awesome.m */ = {isa = PBXFileReference; fileEncoding = 4; lastKnownFileType = sourcecode.c.objc; path = "UINavigationBar+Awesome.m"; sourceTree = "<group>"; };
		71CD91E61C292BA800DDE36C /* ApplyFilterCell.swift */ = {isa = PBXFileReference; fileEncoding = 4; lastKnownFileType = sourcecode.swift; path = ApplyFilterCell.swift; sourceTree = "<group>"; };
		71F0A6A81C284FE900A1AAD3 /* LeftViewController.swift */ = {isa = PBXFileReference; fileEncoding = 4; lastKnownFileType = sourcecode.swift; path = LeftViewController.swift; sourceTree = "<group>"; };
		71F0A6AA1C284FF400A1AAD3 /* RightViewController.swift */ = {isa = PBXFileReference; fileEncoding = 4; lastKnownFileType = sourcecode.swift; path = RightViewController.swift; sourceTree = "<group>"; };
		71F4A2EE1C1BF8F0008BF810 /* Transportation.swift */ = {isa = PBXFileReference; fileEncoding = 4; lastKnownFileType = sourcecode.swift; path = Transportation.swift; sourceTree = "<group>"; };
		71F4A2F21C1C18B8008BF810 /* TransportationDetailControllerViewController.swift */ = {isa = PBXFileReference; fileEncoding = 4; lastKnownFileType = sourcecode.swift; path = TransportationDetailControllerViewController.swift; sourceTree = "<group>"; };
		71F4A2F41C1C197F008BF810 /* HistoryCell.swift */ = {isa = PBXFileReference; fileEncoding = 4; lastKnownFileType = sourcecode.swift; path = HistoryCell.swift; sourceTree = "<group>"; };
		71F4A2F71C1C2E4F008BF810 /* HistoryDetailPopup.xib */ = {isa = PBXFileReference; fileEncoding = 4; lastKnownFileType = file.xib; path = HistoryDetailPopup.xib; sourceTree = "<group>"; };
		71F4A2F91C1C3947008BF810 /* HistoryDetailControler.swift */ = {isa = PBXFileReference; fileEncoding = 4; lastKnownFileType = sourcecode.swift; path = HistoryDetailControler.swift; sourceTree = "<group>"; };
		71F4A2FF1C1C9552008BF810 /* MKTextField.swift */ = {isa = PBXFileReference; fileEncoding = 4; lastKnownFileType = sourcecode.swift; path = MKTextField.swift; sourceTree = "<group>"; };
		71F4A3011C1C959C008BF810 /* MKLayer.swift */ = {isa = PBXFileReference; fileEncoding = 4; lastKnownFileType = sourcecode.swift; path = MKLayer.swift; sourceTree = "<group>"; };
		71F4A3031C1C95BB008BF810 /* MKColor.swift */ = {isa = PBXFileReference; fileEncoding = 4; lastKnownFileType = sourcecode.swift; path = MKColor.swift; sourceTree = "<group>"; };
		71F4A3051C1C9B96008BF810 /* EditProfileViewController.swift */ = {isa = PBXFileReference; fileEncoding = 4; lastKnownFileType = sourcecode.swift; path = EditProfileViewController.swift; sourceTree = "<group>"; };
		7F7B23F394701BFA5CF812E5 /* Pods_XEEM.framework */ = {isa = PBXFileReference; explicitFileType = wrapper.framework; includeInIndex = 0; path = Pods_XEEM.framework; sourceTree = BUILT_PRODUCTS_DIR; };
		999146997734BAF01AF7905C /* Pods-XEEM.release.xcconfig */ = {isa = PBXFileReference; includeInIndex = 1; lastKnownFileType = text.xcconfig; name = "Pods-XEEM.release.xcconfig"; path = "Pods/Target Support Files/Pods-XEEM/Pods-XEEM.release.xcconfig"; sourceTree = "<group>"; };
		A60EE73C1C2EFD2200306B2B /* EmergencyView.xib */ = {isa = PBXFileReference; fileEncoding = 4; lastKnownFileType = file.xib; path = EmergencyView.xib; sourceTree = "<group>"; };
		A60EE73E1C2F05D300306B2B /* ReceivedViewController.swift */ = {isa = PBXFileReference; fileEncoding = 4; lastKnownFileType = sourcecode.swift; path = ReceivedViewController.swift; sourceTree = "<group>"; };
		A621F6011C28770E00D19952 /* ListReviewViewController.swift */ = {isa = PBXFileReference; fileEncoding = 4; lastKnownFileType = sourcecode.swift; path = ListReviewViewController.swift; sourceTree = "<group>"; };
		A62206131C269DFF00B7C864 /* SideMenuController.swift */ = {isa = PBXFileReference; fileEncoding = 4; lastKnownFileType = sourcecode.swift; path = SideMenuController.swift; sourceTree = "<group>"; };
		A62206151C26A66300B7C864 /* OptionsViewController.swift */ = {isa = PBXFileReference; fileEncoding = 4; lastKnownFileType = sourcecode.swift; path = OptionsViewController.swift; sourceTree = "<group>"; };
		A629C3E41C16BF9000D77F69 /* User.storyboard */ = {isa = PBXFileReference; fileEncoding = 4; lastKnownFileType = file.storyboard; path = User.storyboard; sourceTree = "<group>"; };
		A629C3E61C16BF9D00D77F69 /* Service.storyboard */ = {isa = PBXFileReference; fileEncoding = 4; lastKnownFileType = file.storyboard; path = Service.storyboard; sourceTree = "<group>"; };
		A699AE791C311599006445B1 /* XEEM_CUSTOMER.app */ = {isa = PBXFileReference; explicitFileType = wrapper.application; includeInIndex = 0; path = XEEM_CUSTOMER.app; sourceTree = BUILT_PRODUCTS_DIR; };
		A699AE821C311599006445B1 /* Assets.xcassets */ = {isa = PBXFileReference; lastKnownFileType = folder.assetcatalog; name = Assets.xcassets; path = XEEM_CUSTOMER/Assets.xcassets; sourceTree = "<group>"; };
		A699AE8C1C311599006445B1 /* XEEM_CUSTOMERTests.xctest */ = {isa = PBXFileReference; explicitFileType = wrapper.cfbundle; includeInIndex = 0; path = XEEM_CUSTOMERTests.xctest; sourceTree = BUILT_PRODUCTS_DIR; };
		A699AE971C311599006445B1 /* XEEM_CUSTOMERUITests.xctest */ = {isa = PBXFileReference; explicitFileType = wrapper.cfbundle; includeInIndex = 0; path = XEEM_CUSTOMERUITests.xctest; sourceTree = BUILT_PRODUCTS_DIR; };
		A699AEE21C319935006445B1 /* FristViewController.swift */ = {isa = PBXFileReference; fileEncoding = 4; lastKnownFileType = sourcecode.swift; path = FristViewController.swift; sourceTree = "<group>"; };
		A69BDDD71C181714005CA6C6 /* SwiftySideMenuViewController.h */ = {isa = PBXFileReference; fileEncoding = 4; lastKnownFileType = sourcecode.c.h; path = SwiftySideMenuViewController.h; sourceTree = "<group>"; };
		A69BDDD81C181714005CA6C6 /* SwiftySideMenuViewController.m */ = {isa = PBXFileReference; fileEncoding = 4; lastKnownFileType = sourcecode.c.objc; path = SwiftySideMenuViewController.m; sourceTree = "<group>"; };
		A69BDDD91C181714005CA6C6 /* UIViewController+SwiftySideMenu.h */ = {isa = PBXFileReference; fileEncoding = 4; lastKnownFileType = sourcecode.c.h; path = "UIViewController+SwiftySideMenu.h"; sourceTree = "<group>"; };
		A69BDDDA1C181714005CA6C6 /* UIViewController+SwiftySideMenu.m */ = {isa = PBXFileReference; fileEncoding = 4; lastKnownFileType = sourcecode.c.objc; path = "UIViewController+SwiftySideMenu.m"; sourceTree = "<group>"; };
		A69BDDDD1C18172C005CA6C6 /* XEEM-Bridging-Header.h */ = {isa = PBXFileReference; lastKnownFileType = sourcecode.c.h; path = "XEEM-Bridging-Header.h"; sourceTree = "<group>"; };
		A69BDDE01C181D0B005CA6C6 /* TimelineViewController.swift */ = {isa = PBXFileReference; fileEncoding = 4; lastKnownFileType = sourcecode.swift; path = TimelineViewController.swift; sourceTree = "<group>"; };
		A6C5DD981C1D378200A7DB9D /* RateView.h */ = {isa = PBXFileReference; fileEncoding = 4; lastKnownFileType = sourcecode.c.h; path = RateView.h; sourceTree = "<group>"; };
		A6C5DD991C1D378200A7DB9D /* RateView.m */ = {isa = PBXFileReference; fileEncoding = 4; lastKnownFileType = sourcecode.c.objc; path = RateView.m; sourceTree = "<group>"; };
		A6C5DD9B1C1D420A00A7DB9D /* RepairServiceViewController.swift */ = {isa = PBXFileReference; fileEncoding = 4; lastKnownFileType = sourcecode.swift; path = RepairServiceViewController.swift; sourceTree = "<group>"; };
		A6C5DD9D1C1D44B400A7DB9D /* ServiceDetailNameCell.swift */ = {isa = PBXFileReference; fileEncoding = 4; lastKnownFileType = sourcecode.swift; name = ServiceDetailNameCell.swift; path = View/TableView/ServiceDetailNameCell.swift; sourceTree = "<group>"; };
		A6C5DD9E1C1D44B400A7DB9D /* ServiceDetailNameCell.xib */ = {isa = PBXFileReference; fileEncoding = 4; lastKnownFileType = file.xib; name = ServiceDetailNameCell.xib; path = View/TableView/ServiceDetailNameCell.xib; sourceTree = "<group>"; };
		A6C5DDA11C1DA4DC00A7DB9D /* QuotesTableViewCell.swift */ = {isa = PBXFileReference; fileEncoding = 4; lastKnownFileType = sourcecode.swift; path = QuotesTableViewCell.swift; sourceTree = "<group>"; };
		A6C5DDA21C1DA4DC00A7DB9D /* QuotesTableViewCell.xib */ = {isa = PBXFileReference; fileEncoding = 4; lastKnownFileType = file.xib; path = QuotesTableViewCell.xib; sourceTree = "<group>"; };
		A6C5DDA51C1DAA0F00A7DB9D /* ShowmoreCell.swift */ = {isa = PBXFileReference; fileEncoding = 4; lastKnownFileType = sourcecode.swift; path = ShowmoreCell.swift; sourceTree = "<group>"; };
		A6C5DDA61C1DAA0F00A7DB9D /* ShowmoreCell.xib */ = {isa = PBXFileReference; fileEncoding = 4; lastKnownFileType = file.xib; path = ShowmoreCell.xib; sourceTree = "<group>"; };
		A6C5DDA91C1DAE5200A7DB9D /* ReviewCell.swift */ = {isa = PBXFileReference; fileEncoding = 4; lastKnownFileType = sourcecode.swift; name = ReviewCell.swift; path = View/TableView/ReviewCell.swift; sourceTree = "<group>"; };
		A6C5DDAA1C1DAE5200A7DB9D /* ReviewCell.xib */ = {isa = PBXFileReference; fileEncoding = 4; lastKnownFileType = file.xib; name = ReviewCell.xib; path = View/TableView/ReviewCell.xib; sourceTree = "<group>"; };
		A6C646A91C25330100B417C9 /* DinhDocLap.gpx */ = {isa = PBXFileReference; lastKnownFileType = text.xml; path = DinhDocLap.gpx; sourceTree = "<group>"; };
		A6C646AE1C254D9500B417C9 /* ShopModel.swift */ = {isa = PBXFileReference; fileEncoding = 4; lastKnownFileType = sourcecode.swift; path = ShopModel.swift; sourceTree = "<group>"; };
		A6C646B01C254F6D00B417C9 /* ReviewModel.swift */ = {isa = PBXFileReference; fileEncoding = 4; lastKnownFileType = sourcecode.swift; path = ReviewModel.swift; sourceTree = "<group>"; };
		A6C646B21C25503500B417C9 /* Quotes.swift */ = {isa = PBXFileReference; fileEncoding = 4; lastKnownFileType = sourcecode.swift; path = Quotes.swift; sourceTree = "<group>"; };
		A6D2C5C41C2998E500321254 /* ConfrimViewController.swift */ = {isa = PBXFileReference; fileEncoding = 4; lastKnownFileType = sourcecode.swift; path = ConfrimViewController.swift; sourceTree = "<group>"; };
		A6D2C5CC1C29A78400321254 /* XHAmazingLoadingMusicsAnimation.h */ = {isa = PBXFileReference; fileEncoding = 4; lastKnownFileType = sourcecode.c.h; path = XHAmazingLoadingMusicsAnimation.h; sourceTree = "<group>"; };
		A6D2C5CD1C29A78400321254 /* XHAmazingLoadingMusicsAnimation.m */ = {isa = PBXFileReference; fileEncoding = 4; lastKnownFileType = sourcecode.c.objc; path = XHAmazingLoadingMusicsAnimation.m; sourceTree = "<group>"; };
		A6D2C5CE1C29A78400321254 /* XHAmazingLoadingSkypeAnimation.h */ = {isa = PBXFileReference; fileEncoding = 4; lastKnownFileType = sourcecode.c.h; path = XHAmazingLoadingSkypeAnimation.h; sourceTree = "<group>"; };
		A6D2C5CF1C29A78400321254 /* XHAmazingLoadingSkypeAnimation.m */ = {isa = PBXFileReference; fileEncoding = 4; lastKnownFileType = sourcecode.c.objc; path = XHAmazingLoadingSkypeAnimation.m; sourceTree = "<group>"; };
		A6D2C5D01C29A78400321254 /* XHAmazingLoadingStarAnimation.h */ = {isa = PBXFileReference; fileEncoding = 4; lastKnownFileType = sourcecode.c.h; path = XHAmazingLoadingStarAnimation.h; sourceTree = "<group>"; };
		A6D2C5D11C29A78400321254 /* XHAmazingLoadingStarAnimation.m */ = {isa = PBXFileReference; fileEncoding = 4; lastKnownFileType = sourcecode.c.objc; path = XHAmazingLoadingStarAnimation.m; sourceTree = "<group>"; };
		A6D2C5D61C29A79800321254 /* XHLayerHelper.h */ = {isa = PBXFileReference; fileEncoding = 4; lastKnownFileType = sourcecode.c.h; path = XHLayerHelper.h; sourceTree = "<group>"; };
		A6D2C5D71C29A79800321254 /* XHLayerHelper.m */ = {isa = PBXFileReference; fileEncoding = 4; lastKnownFileType = sourcecode.c.objc; path = XHLayerHelper.m; sourceTree = "<group>"; };
		A6D2C5DA1C29A7A700321254 /* XHAmazingLoadingAnimationProtocol.h */ = {isa = PBXFileReference; lastKnownFileType = sourcecode.c.h; path = XHAmazingLoadingAnimationProtocol.h; sourceTree = "<group>"; };
		A6D2C5DC1C29A7B800321254 /* XHAmazingLoadingView.h */ = {isa = PBXFileReference; fileEncoding = 4; lastKnownFileType = sourcecode.c.h; path = XHAmazingLoadingView.h; sourceTree = "<group>"; };
		A6D2C5DD1C29A7B800321254 /* XHAmazingLoadingView.m */ = {isa = PBXFileReference; fileEncoding = 4; lastKnownFileType = sourcecode.c.objc; path = XHAmazingLoadingView.m; sourceTree = "<group>"; };
		A6D83C391C2F12330053DD64 /* FinishServiceViewController.swift */ = {isa = PBXFileReference; fileEncoding = 4; lastKnownFileType = sourcecode.swift; path = FinishServiceViewController.swift; sourceTree = "<group>"; };
		A6DEFCAF1C298B89000DBCB4 /* ConfrimPopUp.xib */ = {isa = PBXFileReference; fileEncoding = 4; lastKnownFileType = file.xib; path = ConfrimPopUp.xib; sourceTree = "<group>"; };
		A6E6B9941C31D4F500ECD58C /* Login.storyboard */ = {isa = PBXFileReference; fileEncoding = 4; lastKnownFileType = file.storyboard; path = Login.storyboard; sourceTree = "<group>"; };
		CE1395461C1087D100A67657 /* XEEM.app */ = {isa = PBXFileReference; explicitFileType = wrapper.application; includeInIndex = 0; path = XEEM.app; sourceTree = BUILT_PRODUCTS_DIR; };
		CE1395491C1087D100A67657 /* AppDelegate.swift */ = {isa = PBXFileReference; lastKnownFileType = sourcecode.swift; path = AppDelegate.swift; sourceTree = "<group>"; };
		CE13954E1C1087D100A67657 /* Base */ = {isa = PBXFileReference; lastKnownFileType = file.storyboard; name = Base; path = Base.lproj/Main.storyboard; sourceTree = "<group>"; };
		CE1395501C1087D100A67657 /* Assets.xcassets */ = {isa = PBXFileReference; lastKnownFileType = folder.assetcatalog; path = Assets.xcassets; sourceTree = "<group>"; };
		CE1395531C1087D100A67657 /* Base */ = {isa = PBXFileReference; lastKnownFileType = file.storyboard; name = Base; path = Base.lproj/LaunchScreen.storyboard; sourceTree = "<group>"; };
		CE1395551C1087D100A67657 /* Info.plist */ = {isa = PBXFileReference; lastKnownFileType = text.plist.xml; path = Info.plist; sourceTree = "<group>"; };
		CE5514AE1C2AEE90006DF3B5 /* EmergencyViewController.swift */ = {isa = PBXFileReference; fileEncoding = 4; lastKnownFileType = sourcecode.swift; path = EmergencyViewController.swift; sourceTree = "<group>"; };
		CE7762421C253D860074937F /* ChangePasswordViewController.swift */ = {isa = PBXFileReference; fileEncoding = 4; lastKnownFileType = sourcecode.swift; path = ChangePasswordViewController.swift; sourceTree = "<group>"; };
		CE7762441C254D1E0074937F /* CurrencyTableViewCell.swift */ = {isa = PBXFileReference; fileEncoding = 4; lastKnownFileType = sourcecode.swift; path = CurrencyTableViewCell.swift; sourceTree = "<group>"; };
		CE8C13391C1DC15C00D1AA09 /* XEEMViewController.swift */ = {isa = PBXFileReference; fileEncoding = 4; lastKnownFileType = sourcecode.swift; path = XEEMViewController.swift; sourceTree = "<group>"; };
		CE8C133A1C1DC15C00D1AA09 /* RegisterViewController.swift */ = {isa = PBXFileReference; fileEncoding = 4; lastKnownFileType = sourcecode.swift; path = RegisterViewController.swift; sourceTree = "<group>"; };
		CE8C133B1C1DC15C00D1AA09 /* ForgotPasswordViewController.swift */ = {isa = PBXFileReference; fileEncoding = 4; lastKnownFileType = sourcecode.swift; path = ForgotPasswordViewController.swift; sourceTree = "<group>"; };
		CECBE02D1C22EA24004F6C55 /* PaymentMethodViewController.swift */ = {isa = PBXFileReference; fileEncoding = 4; lastKnownFileType = sourcecode.swift; path = PaymentMethodViewController.swift; sourceTree = "<group>"; };
		CECBE02F1C22EA52004F6C55 /* SettingViewController.swift */ = {isa = PBXFileReference; fileEncoding = 4; lastKnownFileType = sourcecode.swift; path = SettingViewController.swift; sourceTree = "<group>"; };
		CECBE0331C23007B004F6C55 /* PaymentMethodTableViewCell.swift */ = {isa = PBXFileReference; fileEncoding = 4; lastKnownFileType = sourcecode.swift; path = PaymentMethodTableViewCell.swift; sourceTree = "<group>"; };
		CEDB2E9F1C27E013009730C9 /* RequestLoadingViewController.swift */ = {isa = PBXFileReference; fileEncoding = 4; lastKnownFileType = sourcecode.swift; path = RequestLoadingViewController.swift; sourceTree = "<group>"; };
		CEDB2EA11C27E036009730C9 /* ReceivedServiceViewController.swift */ = {isa = PBXFileReference; fileEncoding = 4; lastKnownFileType = sourcecode.swift; path = ReceivedServiceViewController.swift; sourceTree = "<group>"; };
		CEDB2EA51C27E05C009730C9 /* ServiceSummaryViewController.swift */ = {isa = PBXFileReference; fileEncoding = 4; lastKnownFileType = sourcecode.swift; path = ServiceSummaryViewController.swift; sourceTree = "<group>"; };
		DF46DDB94906979469AB52C5 /* Pods-XEEM.debug.xcconfig */ = {isa = PBXFileReference; includeInIndex = 1; lastKnownFileType = text.xcconfig; name = "Pods-XEEM.debug.xcconfig"; path = "Pods/Target Support Files/Pods-XEEM/Pods-XEEM.debug.xcconfig"; sourceTree = "<group>"; };
/* End PBXFileReference section */

/* Begin PBXFrameworksBuildPhase section */
		A699AE761C311599006445B1 /* Frameworks */ = {
			isa = PBXFrameworksBuildPhase;
			buildActionMask = 2147483647;
			files = (
			);
			runOnlyForDeploymentPostprocessing = 0;
		};
		A699AE891C311599006445B1 /* Frameworks */ = {
			isa = PBXFrameworksBuildPhase;
			buildActionMask = 2147483647;
			files = (
			);
			runOnlyForDeploymentPostprocessing = 0;
		};
		A699AE941C311599006445B1 /* Frameworks */ = {
			isa = PBXFrameworksBuildPhase;
			buildActionMask = 2147483647;
			files = (
			);
			runOnlyForDeploymentPostprocessing = 0;
		};
		CE1395431C1087D100A67657 /* Frameworks */ = {
			isa = PBXFrameworksBuildPhase;
			buildActionMask = 2147483647;
			files = (
				75E1F9AB0664F82DD907FF7D /* Pods_XEEM.framework in Frameworks */,
			);
			runOnlyForDeploymentPostprocessing = 0;
		};
/* End PBXFrameworksBuildPhase section */

/* Begin PBXGroup section */
		41A6AD011C3AA2130085BDC4 /* CircularProgressControl */ = {
			isa = PBXGroup;
			children = (
				41A6AD021C3AA2270085BDC4 /* CircleShapeLayer.h */,
				41A6AD031C3AA2270085BDC4 /* CircleShapeLayer.m */,
				41A6AD041C3AA2270085BDC4 /* CircleProgressView.h */,
				41A6AD051C3AA2270085BDC4 /* CircleProgressView.m */,
			);
			name = CircularProgressControl;
			sourceTree = "<group>";
		};
		7107F5761C29F397002817D6 /* RatingView */ = {
			isa = PBXGroup;
			children = (
				7107F5771C29F3B3002817D6 /* FloatRatingView.swift */,
			);
			name = RatingView;
			sourceTree = "<group>";
		};
		712171D31C311A6300D9B397 /* CustomAlertDialog */ = {
			isa = PBXGroup;
			children = (
				712171D41C311A7D00D9B397 /* SCLAlertView.swift */,
			);
			name = CustomAlertDialog;
			sourceTree = "<group>";
		};
		712E9F081C2BC598006BE6CA /* Images */ = {
			isa = PBXGroup;
			children = (
				711E1AB01C2E888A005D0C16 /* background.jpg */,
				711E1AAE1C2E313D005D0C16 /* default_banner.jpg */,
			);
			name = Images;
			sourceTree = "<group>";
		};
		71721BB21C2CDC22008E7E56 /* Detail */ = {
			isa = PBXGroup;
			children = (
				712E9F061C2BBC03006BE6CA /* DetailServiceViewController.swift */,
				71721BB31C2CDC62008E7E56 /* BannerCell.swift */,
				71721BB51C2CE003008E7E56 /* InfoCell.swift */,
				71721BB71C2CF5AB008E7E56 /* QuotationCell.swift */,
				71721BB91C2CFA32008E7E56 /* SeeMoresCell.swift */,
				71721BBB1C2D00ED008E7E56 /* ReviewsCell.swift */,
			);
			name = Detail;
			sourceTree = "<group>";
		};
		718FAF811C2A810000AB5C57 /* Fonts */ = {
			isa = PBXGroup;
			children = (
				711717E11C2A841A006B5E58 /* SanFranciscoDisplay-Semibold.otf */,
				711717E21C2A841A006B5E58 /* SanFranciscoDisplay-Thin.otf */,
				718FAF821C2A810D00AB5C57 /* SanFranciscoDisplay-Black.otf */,
				718FAF831C2A810D00AB5C57 /* SanFranciscoDisplay-Bold.otf */,
				718FAF841C2A810D00AB5C57 /* SanFranciscoDisplay-Heavy.otf */,
				718FAF851C2A810D00AB5C57 /* SanFranciscoDisplay-Light.otf */,
				718FAF861C2A810D00AB5C57 /* SanFranciscoDisplay-Medium.otf */,
				718FAF871C2A810D00AB5C57 /* SanFranciscoDisplay-Regular.otf */,
				718FAF8A1C2A810D00AB5C57 /* SanFranciscoDisplay-Ultralight.otf */,
			);
			name = Fonts;
			sourceTree = "<group>";
		};
		71BA05031C2D54A500FAC038 /* CustomNV */ = {
			isa = PBXGroup;
			children = (
				71BA05041C2D54B600FAC038 /* UINavigationBar+Awesome.h */,
				71BA05051C2D54B600FAC038 /* UINavigationBar+Awesome.m */,
			);
			name = CustomNV;
			sourceTree = "<group>";
		};
		71F0A6A51C284FC400A1AAD3 /* Home */ = {
			isa = PBXGroup;
			children = (
				A69BDDE01C181D0B005CA6C6 /* TimelineViewController.swift */,
				71F0A6A81C284FE900A1AAD3 /* LeftViewController.swift */,
				71F0A6AA1C284FF400A1AAD3 /* RightViewController.swift */,
			);
			name = Home;
			sourceTree = "<group>";
		};
		71F4A2F61C1C2E28008BF810 /* Xib */ = {
			isa = PBXGroup;
			children = (
				71F4A2F71C1C2E4F008BF810 /* HistoryDetailPopup.xib */,
				A60EE73C1C2EFD2200306B2B /* EmergencyView.xib */,
				A6DEFCAF1C298B89000DBCB4 /* ConfrimPopUp.xib */,
			);
			name = Xib;
			sourceTree = "<group>";
		};
		71F4A2FB1C1C3D53008BF810 /* Utils */ = {
			isa = PBXGroup;
			children = (
				7115C4181C21A0CA0029ACB6 /* UIVViewController-SLPopup.swift */,
				7173FB561C215CE600C1DD3A /* ColorUtils.swift */,
				7173FB581C2180BC00C1DD3A /* UIUtils.swift */,
			);
			name = Utils;
			sourceTree = "<group>";
		};
		71F4A2FE1C1C94D0008BF810 /* MaterialUI */ = {
			isa = PBXGroup;
			children = (
				71F4A2FF1C1C9552008BF810 /* MKTextField.swift */,
				71F4A3011C1C959C008BF810 /* MKLayer.swift */,
				71F4A3031C1C95BB008BF810 /* MKColor.swift */,
			);
			name = MaterialUI;
			sourceTree = "<group>";
		};
		A622060E1C26918600B7C864 /* SliderMenuSwift */ = {
			isa = PBXGroup;
			children = (
				A62206151C26A66300B7C864 /* OptionsViewController.swift */,
				A62206131C269DFF00B7C864 /* SideMenuController.swift */,
			);
			name = SliderMenuSwift;
			sourceTree = "<group>";
		};
		A627252B1C14A0D30005A204 /* ViewController */ = {
			isa = PBXGroup;
			children = (
				71721BB21C2CDC22008E7E56 /* Detail */,
				CE5514AE1C2AEE90006DF3B5 /* EmergencyViewController.swift */,
				CEDB2E9E1C27DFEC009730C9 /* Request */,
				CE8C13381C1DC15500D1AA09 /* Login */,
				71F0A6A51C284FC400A1AAD3 /* Home */,
				CECBE02C1C22EA0A004F6C55 /* Profile */,
				A6C5DD9B1C1D420A00A7DB9D /* RepairServiceViewController.swift */,
				A6D2C5C11C2997BF00321254 /* Custom */,
				A621F6011C28770E00D19952 /* ListReviewViewController.swift */,
				71F4A2F91C1C3947008BF810 /* HistoryDetailControler.swift */,
				710262811C1D4B4C0009724D /* NewTransportationViewController.swift */,
				A60EE73E1C2F05D300306B2B /* ReceivedViewController.swift */,
			);
			name = ViewController;
			sourceTree = "<group>";
		};
		A627252C1C14A0DD0005A204 /* View */ = {
			isa = PBXGroup;
			children = (
				A6C5DD901C1D2AD100A7DB9D /* TableView */,
				71F4A2F41C1C197F008BF810 /* HistoryCell.swift */,
				CECBE0331C23007B004F6C55 /* PaymentMethodTableViewCell.swift */,
				CE7762441C254D1E0074937F /* CurrencyTableViewCell.swift */,
				7179274E1C288DAC002C399F /* FilterServiceCell.swift */,
				71CD91E61C292BA800DDE36C /* ApplyFilterCell.swift */,
			);
			name = View;
			sourceTree = "<group>";
		};
		A627252D1C14A0E10005A204 /* Model */ = {
			isa = PBXGroup;
			children = (
				71F4A2EE1C1BF8F0008BF810 /* Transportation.swift */,
				71437D301C225333003B3AE1 /* User.swift */,
				A6C646AE1C254D9500B417C9 /* ShopModel.swift */,
				A6C646B01C254F6D00B417C9 /* ReviewModel.swift */,
				A6C646B21C25503500B417C9 /* Quotes.swift */,
				415CDE3C1C30FF7700402186 /* Request.swift */,
			);
			name = Model;
			sourceTree = "<group>";
		};
		A627252E1C14A0E60005A204 /* Service */ = {
			isa = PBXGroup;
			children = (
				71437D321C225BB1003B3AE1 /* XEEMService.swift */,
			);
			name = Service;
			sourceTree = "<group>";
		};
		A627252F1C14A10E0005A204 /* AppDelegate */ = {
			isa = PBXGroup;
			children = (
				CE1395491C1087D100A67657 /* AppDelegate.swift */,
			);
			name = AppDelegate;
			sourceTree = "<group>";
		};
		A62725301C14A1290005A204 /* Common */ = {
			isa = PBXGroup;
			children = (
			);
			name = Common;
			sourceTree = "<group>";
		};
		A62725311C14A14E0005A204 /* Supporting */ = {
			isa = PBXGroup;
			children = (
				712E9F081C2BC598006BE6CA /* Images */,
				718FAF811C2A810000AB5C57 /* Fonts */,
				CE1395551C1087D100A67657 /* Info.plist */,
				CE1395521C1087D100A67657 /* LaunchScreen.storyboard */,
			);
			name = Supporting;
			sourceTree = "<group>";
		};
		A629C3E31C16BD2700D77F69 /* Storyboard */ = {
			isa = PBXGroup;
			children = (
				CE13954D1C1087D100A67657 /* Main.storyboard */,
				A629C3E41C16BF9000D77F69 /* User.storyboard */,
				A6E6B9941C31D4F500ECD58C /* Login.storyboard */,
				A629C3E61C16BF9D00D77F69 /* Service.storyboard */,
				7111A51D1C1BC33600FA17A5 /* Profile.storyboard */,
			);
			name = Storyboard;
			sourceTree = "<group>";
		};
		A69BDDC81C1816A6005CA6C6 /* Library */ = {
			isa = PBXGroup;
			children = (
				41A6AD011C3AA2130085BDC4 /* CircularProgressControl */,
				712171D31C311A6300D9B397 /* CustomAlertDialog */,
				71BA05031C2D54A500FAC038 /* CustomNV */,
				7107F5761C29F397002817D6 /* RatingView */,
				A6D2C5CA1C29A72500321254 /* XHAmazingLoading */,
				A622060E1C26918600B7C864 /* SliderMenuSwift */,
				A6C5DD971C1D377600A7DB9D /* RateView */,
				71F4A2FE1C1C94D0008BF810 /* MaterialUI */,
				A69BDDD61C181702005CA6C6 /* SwiftySideMenu */,
				A6C646A91C25330100B417C9 /* DinhDocLap.gpx */,
			);
			name = Library;
			sourceTree = "<group>";
		};
		A69BDDD61C181702005CA6C6 /* SwiftySideMenu */ = {
			isa = PBXGroup;
			children = (
				A69BDDD71C181714005CA6C6 /* SwiftySideMenuViewController.h */,
				A69BDDD81C181714005CA6C6 /* SwiftySideMenuViewController.m */,
				A69BDDD91C181714005CA6C6 /* UIViewController+SwiftySideMenu.h */,
				A69BDDDA1C181714005CA6C6 /* UIViewController+SwiftySideMenu.m */,
			);
			name = SwiftySideMenu;
			sourceTree = "<group>";
		};
		A6C5DD901C1D2AD100A7DB9D /* TableView */ = {
			isa = PBXGroup;
			children = (
				A6C5DD9D1C1D44B400A7DB9D /* ServiceDetailNameCell.swift */,
				A6C5DD9E1C1D44B400A7DB9D /* ServiceDetailNameCell.xib */,
				A6C5DDA11C1DA4DC00A7DB9D /* QuotesTableViewCell.swift */,
				A6C5DDA21C1DA4DC00A7DB9D /* QuotesTableViewCell.xib */,
				A6C5DDA51C1DAA0F00A7DB9D /* ShowmoreCell.swift */,
				A6C5DDA61C1DAA0F00A7DB9D /* ShowmoreCell.xib */,
				A6C5DDA91C1DAE5200A7DB9D /* ReviewCell.swift */,
				A6C5DDAA1C1DAE5200A7DB9D /* ReviewCell.xib */,
			);
			name = TableView;
			sourceTree = "<group>";
		};
		A6C5DD971C1D377600A7DB9D /* RateView */ = {
			isa = PBXGroup;
			children = (
				A6C5DD981C1D378200A7DB9D /* RateView.h */,
				A6C5DD991C1D378200A7DB9D /* RateView.m */,
			);
			name = RateView;
			sourceTree = "<group>";
		};
		A6D2C5C11C2997BF00321254 /* Custom */ = {
			isa = PBXGroup;
			children = (
				A6D2C5C41C2998E500321254 /* ConfrimViewController.swift */,
			);
			name = Custom;
			sourceTree = "<group>";
		};
		A6D2C5CA1C29A72500321254 /* XHAmazingLoading */ = {
			isa = PBXGroup;
			children = (
				A6D2C5DB1C29A7AC00321254 /* View */,
				A6D2C5D91C29A7A000321254 /* Protocol */,
				A6D2C5D51C29A79000321254 /* Helpers */,
				A6D2C5CB1C29A77B00321254 /* Animation */,
			);
			name = XHAmazingLoading;
			sourceTree = "<group>";
		};
		A6D2C5CB1C29A77B00321254 /* Animation */ = {
			isa = PBXGroup;
			children = (
				A6D2C5CC1C29A78400321254 /* XHAmazingLoadingMusicsAnimation.h */,
				A6D2C5CD1C29A78400321254 /* XHAmazingLoadingMusicsAnimation.m */,
				A6D2C5CE1C29A78400321254 /* XHAmazingLoadingSkypeAnimation.h */,
				A6D2C5CF1C29A78400321254 /* XHAmazingLoadingSkypeAnimation.m */,
				A6D2C5D01C29A78400321254 /* XHAmazingLoadingStarAnimation.h */,
				A6D2C5D11C29A78400321254 /* XHAmazingLoadingStarAnimation.m */,
			);
			name = Animation;
			sourceTree = "<group>";
		};
		A6D2C5D51C29A79000321254 /* Helpers */ = {
			isa = PBXGroup;
			children = (
				A6D2C5D61C29A79800321254 /* XHLayerHelper.h */,
				A6D2C5D71C29A79800321254 /* XHLayerHelper.m */,
			);
			name = Helpers;
			sourceTree = "<group>";
		};
		A6D2C5D91C29A7A000321254 /* Protocol */ = {
			isa = PBXGroup;
			children = (
				A6D2C5DA1C29A7A700321254 /* XHAmazingLoadingAnimationProtocol.h */,
			);
			name = Protocol;
			sourceTree = "<group>";
		};
		A6D2C5DB1C29A7AC00321254 /* View */ = {
			isa = PBXGroup;
			children = (
				A6D2C5DC1C29A7B800321254 /* XHAmazingLoadingView.h */,
				A6D2C5DD1C29A7B800321254 /* XHAmazingLoadingView.m */,
			);
			name = View;
			sourceTree = "<group>";
		};
		C8FB37CCAB7E05808E7EF442 /* Pods */ = {
			isa = PBXGroup;
			children = (
				DF46DDB94906979469AB52C5 /* Pods-XEEM.debug.xcconfig */,
				999146997734BAF01AF7905C /* Pods-XEEM.release.xcconfig */,
			);
			name = Pods;
			sourceTree = "<group>";
		};
		CE13953D1C1087D000A67657 = {
			isa = PBXGroup;
			children = (
				CE1395481C1087D100A67657 /* XEEM */,
				A699AE821C311599006445B1 /* Assets.xcassets */,
				CE1395471C1087D100A67657 /* Products */,
				C8FB37CCAB7E05808E7EF442 /* Pods */,
				DB7FF4F532CAE535573F899B /* Frameworks */,
			);
			sourceTree = "<group>";
		};
		CE1395471C1087D100A67657 /* Products */ = {
			isa = PBXGroup;
			children = (
				CE1395461C1087D100A67657 /* XEEM.app */,
				A699AE791C311599006445B1 /* XEEM_CUSTOMER.app */,
				A699AE8C1C311599006445B1 /* XEEM_CUSTOMERTests.xctest */,
				A699AE971C311599006445B1 /* XEEM_CUSTOMERUITests.xctest */,
			);
			name = Products;
			sourceTree = "<group>";
		};
		CE1395481C1087D100A67657 /* XEEM */ = {
			isa = PBXGroup;
			children = (
				71F4A2FB1C1C3D53008BF810 /* Utils */,
				71F4A2F61C1C2E28008BF810 /* Xib */,
				A69BDDDD1C18172C005CA6C6 /* XEEM-Bridging-Header.h */,
				A629C3E31C16BD2700D77F69 /* Storyboard */,
				A627252F1C14A10E0005A204 /* AppDelegate */,
				A627252B1C14A0D30005A204 /* ViewController */,
				A627252C1C14A0DD0005A204 /* View */,
				A62725301C14A1290005A204 /* Common */,
				A627252D1C14A0E10005A204 /* Model */,
				A627252E1C14A0E60005A204 /* Service */,
				A69BDDC81C1816A6005CA6C6 /* Library */,
				A62725311C14A14E0005A204 /* Supporting */,
				CE1395501C1087D100A67657 /* Assets.xcassets */,
			);
			path = XEEM;
			sourceTree = "<group>";
		};
		CE8C13381C1DC15500D1AA09 /* Login */ = {
			isa = PBXGroup;
			children = (
				CE8C13391C1DC15C00D1AA09 /* XEEMViewController.swift */,
				CE8C133A1C1DC15C00D1AA09 /* RegisterViewController.swift */,
				CE8C133B1C1DC15C00D1AA09 /* ForgotPasswordViewController.swift */,
				A699AEE21C319935006445B1 /* FristViewController.swift */,
			);
			name = Login;
			sourceTree = "<group>";
		};
		CECBE02C1C22EA0A004F6C55 /* Profile */ = {
			isa = PBXGroup;
			children = (
				CECBE02F1C22EA52004F6C55 /* SettingViewController.swift */,
				CECBE02D1C22EA24004F6C55 /* PaymentMethodViewController.swift */,
				CE7762421C253D860074937F /* ChangePasswordViewController.swift */,
				4144D91A1C2FAF7C00076FE5 /* TransportationTableViewCell.swift */,
				71F4A2F21C1C18B8008BF810 /* TransportationDetailControllerViewController.swift */,
				7111A51F1C1BC55100FA17A5 /* ProfileViewController.swift */,
				71F4A3051C1C9B96008BF810 /* EditProfileViewController.swift */,
			);
			name = Profile;
			sourceTree = "<group>";
		};
		CEDB2E9E1C27DFEC009730C9 /* Request */ = {
			isa = PBXGroup;
			children = (
				CEDB2E9F1C27E013009730C9 /* RequestLoadingViewController.swift */,
				CEDB2EA11C27E036009730C9 /* ReceivedServiceViewController.swift */,
				A6D83C391C2F12330053DD64 /* FinishServiceViewController.swift */,
				CEDB2EA51C27E05C009730C9 /* ServiceSummaryViewController.swift */,
			);
			name = Request;
			sourceTree = "<group>";
		};
		DB7FF4F532CAE535573F899B /* Frameworks */ = {
			isa = PBXGroup;
			children = (
				7F7B23F394701BFA5CF812E5 /* Pods_XEEM.framework */,
			);
			name = Frameworks;
			sourceTree = "<group>";
		};
/* End PBXGroup section */

/* Begin PBXNativeTarget section */
		A699AE781C311599006445B1 /* XEEM_CUSTOMER */ = {
			isa = PBXNativeTarget;
			buildConfigurationList = A699AEA41C311599006445B1 /* Build configuration list for PBXNativeTarget "XEEM_CUSTOMER" */;
			buildPhases = (
				A699AE751C311599006445B1 /* Sources */,
				A699AE761C311599006445B1 /* Frameworks */,
				A699AE771C311599006445B1 /* Resources */,
			);
			buildRules = (
			);
			dependencies = (
			);
			name = XEEM_CUSTOMER;
			productName = XEEM_CUSTOMER;
			productReference = A699AE791C311599006445B1 /* XEEM_CUSTOMER.app */;
			productType = "com.apple.product-type.application";
		};
		A699AE8B1C311599006445B1 /* XEEM_CUSTOMERTests */ = {
			isa = PBXNativeTarget;
			buildConfigurationList = A699AEA51C311599006445B1 /* Build configuration list for PBXNativeTarget "XEEM_CUSTOMERTests" */;
			buildPhases = (
				A699AE881C311599006445B1 /* Sources */,
				A699AE891C311599006445B1 /* Frameworks */,
				A699AE8A1C311599006445B1 /* Resources */,
			);
			buildRules = (
			);
			dependencies = (
				A699AE8E1C311599006445B1 /* PBXTargetDependency */,
			);
			name = XEEM_CUSTOMERTests;
			productName = XEEM_CUSTOMERTests;
			productReference = A699AE8C1C311599006445B1 /* XEEM_CUSTOMERTests.xctest */;
			productType = "com.apple.product-type.bundle.unit-test";
		};
		A699AE961C311599006445B1 /* XEEM_CUSTOMERUITests */ = {
			isa = PBXNativeTarget;
			buildConfigurationList = A699AEA61C311599006445B1 /* Build configuration list for PBXNativeTarget "XEEM_CUSTOMERUITests" */;
			buildPhases = (
				A699AE931C311599006445B1 /* Sources */,
				A699AE941C311599006445B1 /* Frameworks */,
				A699AE951C311599006445B1 /* Resources */,
			);
			buildRules = (
			);
			dependencies = (
				A699AE991C311599006445B1 /* PBXTargetDependency */,
			);
			name = XEEM_CUSTOMERUITests;
			productName = XEEM_CUSTOMERUITests;
			productReference = A699AE971C311599006445B1 /* XEEM_CUSTOMERUITests.xctest */;
			productType = "com.apple.product-type.bundle.ui-testing";
		};
		CE1395451C1087D100A67657 /* XEEM */ = {
			isa = PBXNativeTarget;
			buildConfigurationList = CE1395581C1087D100A67657 /* Build configuration list for PBXNativeTarget "XEEM" */;
			buildPhases = (
				75C737EA1671C8A804229F21 /* Check Pods Manifest.lock */,
				CE1395421C1087D100A67657 /* Sources */,
				CE1395431C1087D100A67657 /* Frameworks */,
				CE1395441C1087D100A67657 /* Resources */,
				90004CC46156C3EBAEEA6BB8 /* Embed Pods Frameworks */,
				863373EC3A77D228ED334665 /* Copy Pods Resources */,
			);
			buildRules = (
			);
			dependencies = (
			);
			name = XEEM;
			productName = XEEM;
			productReference = CE1395461C1087D100A67657 /* XEEM.app */;
			productType = "com.apple.product-type.application";
		};
/* End PBXNativeTarget section */

/* Begin PBXProject section */
		CE13953E1C1087D000A67657 /* Project object */ = {
			isa = PBXProject;
			attributes = {
				LastSwiftUpdateCheck = 0720;
				LastUpgradeCheck = 0710;
				ORGANIZATIONNAME = JadeLe;
				TargetAttributes = {
					A699AE781C311599006445B1 = {
						CreatedOnToolsVersion = 7.2;
						DevelopmentTeam = W5KA45T8VV;
					};
					A699AE8B1C311599006445B1 = {
						CreatedOnToolsVersion = 7.2;
						TestTargetID = A699AE781C311599006445B1;
					};
					A699AE961C311599006445B1 = {
						CreatedOnToolsVersion = 7.2;
						TestTargetID = A699AE781C311599006445B1;
					};
					CE1395451C1087D100A67657 = {
						CreatedOnToolsVersion = 7.1.1;
						DevelopmentTeam = 9898326J2T;
					};
				};
			};
			buildConfigurationList = CE1395411C1087D000A67657 /* Build configuration list for PBXProject "XEEM" */;
			compatibilityVersion = "Xcode 3.2";
			developmentRegion = English;
			hasScannedForEncodings = 0;
			knownRegions = (
				en,
				Base,
			);
			mainGroup = CE13953D1C1087D000A67657;
			productRefGroup = CE1395471C1087D100A67657 /* Products */;
			projectDirPath = "";
			projectRoot = "";
			targets = (
				CE1395451C1087D100A67657 /* XEEM */,
				A699AE781C311599006445B1 /* XEEM_CUSTOMER */,
				A699AE8B1C311599006445B1 /* XEEM_CUSTOMERTests */,
				A699AE961C311599006445B1 /* XEEM_CUSTOMERUITests */,
			);
		};
/* End PBXProject section */

/* Begin PBXResourcesBuildPhase section */
		A699AE771C311599006445B1 /* Resources */ = {
			isa = PBXResourcesBuildPhase;
			buildActionMask = 2147483647;
			files = (
				A699AE831C311599006445B1 /* Assets.xcassets in Resources */,
			);
			runOnlyForDeploymentPostprocessing = 0;
		};
		A699AE8A1C311599006445B1 /* Resources */ = {
			isa = PBXResourcesBuildPhase;
			buildActionMask = 2147483647;
			files = (
			);
			runOnlyForDeploymentPostprocessing = 0;
		};
		A699AE951C311599006445B1 /* Resources */ = {
			isa = PBXResourcesBuildPhase;
			buildActionMask = 2147483647;
			files = (
			);
			runOnlyForDeploymentPostprocessing = 0;
		};
		CE1395441C1087D100A67657 /* Resources */ = {
			isa = PBXResourcesBuildPhase;
			buildActionMask = 2147483647;
			files = (
				711E1AB11C2E888A005D0C16 /* background.jpg in Resources */,
				A60EE73D1C2EFD2200306B2B /* EmergencyView.xib in Resources */,
				A6C5DDA81C1DAA0F00A7DB9D /* ShowmoreCell.xib in Resources */,
				A629C3E71C16BF9D00D77F69 /* Service.storyboard in Resources */,
				711717E41C2A841A006B5E58 /* SanFranciscoDisplay-Thin.otf in Resources */,
				718FAF8F1C2A810D00AB5C57 /* SanFranciscoDisplay-Medium.otf in Resources */,
				A6DEFCB01C298B89000DBCB4 /* ConfrimPopUp.xib in Resources */,
				711E1AAF1C2E313D005D0C16 /* default_banner.jpg in Resources */,
				718FAF8D1C2A810D00AB5C57 /* SanFranciscoDisplay-Heavy.otf in Resources */,
				7111A51E1C1BC33600FA17A5 /* Profile.storyboard in Resources */,
				A629C3EB1C16C47900D77F69 /* (null) in Resources */,
				718FAF8C1C2A810D00AB5C57 /* SanFranciscoDisplay-Bold.otf in Resources */,
				A629C3EB1C16C47900D77F69 /* (null) in Resources */,
				718FAF901C2A810D00AB5C57 /* SanFranciscoDisplay-Regular.otf in Resources */,
				A69B8E9D1C29CD51005D8BD6 /* (null) in Resources */,
				71F4A2F81C1C2E4F008BF810 /* HistoryDetailPopup.xib in Resources */,
				A6E6B9951C31D4F500ECD58C /* Login.storyboard in Resources */,
				A629C3E51C16BF9000D77F69 /* User.storyboard in Resources */,
				718FAF8E1C2A810D00AB5C57 /* SanFranciscoDisplay-Light.otf in Resources */,
				A6C5DDAC1C1DAE5200A7DB9D /* ReviewCell.xib in Resources */,
				A6C5DDA01C1D44B400A7DB9D /* ServiceDetailNameCell.xib in Resources */,
				CE1395541C1087D100A67657 /* LaunchScreen.storyboard in Resources */,
				CE1395511C1087D100A67657 /* Assets.xcassets in Resources */,
				A6C5DDA41C1DA4DC00A7DB9D /* QuotesTableViewCell.xib in Resources */,
				711717E31C2A841A006B5E58 /* SanFranciscoDisplay-Semibold.otf in Resources */,
				718FAF8B1C2A810D00AB5C57 /* SanFranciscoDisplay-Black.otf in Resources */,
				718FAF931C2A810D00AB5C57 /* SanFranciscoDisplay-Ultralight.otf in Resources */,
				CE13954F1C1087D100A67657 /* Main.storyboard in Resources */,
			);
			runOnlyForDeploymentPostprocessing = 0;
		};
/* End PBXResourcesBuildPhase section */

/* Begin PBXShellScriptBuildPhase section */
		75C737EA1671C8A804229F21 /* Check Pods Manifest.lock */ = {
			isa = PBXShellScriptBuildPhase;
			buildActionMask = 2147483647;
			files = (
			);
			inputPaths = (
			);
			name = "Check Pods Manifest.lock";
			outputPaths = (
			);
			runOnlyForDeploymentPostprocessing = 0;
			shellPath = /bin/sh;
			shellScript = "diff \"${PODS_ROOT}/../Podfile.lock\" \"${PODS_ROOT}/Manifest.lock\" > /dev/null\nif [[ $? != 0 ]] ; then\n    cat << EOM\nerror: The sandbox is not in sync with the Podfile.lock. Run 'pod install' or update your CocoaPods installation.\nEOM\n    exit 1\nfi\n";
			showEnvVarsInLog = 0;
		};
		863373EC3A77D228ED334665 /* Copy Pods Resources */ = {
			isa = PBXShellScriptBuildPhase;
			buildActionMask = 2147483647;
			files = (
			);
			inputPaths = (
			);
			name = "Copy Pods Resources";
			outputPaths = (
			);
			runOnlyForDeploymentPostprocessing = 0;
			shellPath = /bin/sh;
			shellScript = "\"${SRCROOT}/Pods/Target Support Files/Pods-XEEM/Pods-XEEM-resources.sh\"\n";
			showEnvVarsInLog = 0;
		};
		90004CC46156C3EBAEEA6BB8 /* Embed Pods Frameworks */ = {
			isa = PBXShellScriptBuildPhase;
			buildActionMask = 2147483647;
			files = (
			);
			inputPaths = (
			);
			name = "Embed Pods Frameworks";
			outputPaths = (
			);
			runOnlyForDeploymentPostprocessing = 0;
			shellPath = /bin/sh;
			shellScript = "\"${SRCROOT}/Pods/Target Support Files/Pods-XEEM/Pods-XEEM-frameworks.sh\"\n";
			showEnvVarsInLog = 0;
		};
/* End PBXShellScriptBuildPhase section */

/* Begin PBXSourcesBuildPhase section */
		A699AE751C311599006445B1 /* Sources */ = {
			isa = PBXSourcesBuildPhase;
			buildActionMask = 2147483647;
			files = (
			);
			runOnlyForDeploymentPostprocessing = 0;
		};
		A699AE881C311599006445B1 /* Sources */ = {
			isa = PBXSourcesBuildPhase;
			buildActionMask = 2147483647;
			files = (
			);
			runOnlyForDeploymentPostprocessing = 0;
		};
		A699AE931C311599006445B1 /* Sources */ = {
			isa = PBXSourcesBuildPhase;
			buildActionMask = 2147483647;
			files = (
			);
			runOnlyForDeploymentPostprocessing = 0;
		};
		CE1395421C1087D100A67657 /* Sources */ = {
			isa = PBXSourcesBuildPhase;
			buildActionMask = 2147483647;
			files = (
				71F4A3021C1C959C008BF810 /* MKLayer.swift in Sources */,
				71721BBA1C2CFA32008E7E56 /* SeeMoresCell.swift in Sources */,
				CE8C133C1C1DC15C00D1AA09 /* XEEMViewController.swift in Sources */,
				71F0A6A91C284FE900A1AAD3 /* LeftViewController.swift in Sources */,
				71437D311C225333003B3AE1 /* User.swift in Sources */,
				41A6AD071C3AA2270085BDC4 /* CircleProgressView.m in Sources */,
				A69BDDDC1C181714005CA6C6 /* UIViewController+SwiftySideMenu.m in Sources */,
				A6C5DD9A1C1D378200A7DB9D /* RateView.m in Sources */,
				CEDB2EA01C27E013009730C9 /* RequestLoadingViewController.swift in Sources */,
				A6C5DDA71C1DAA0F00A7DB9D /* ShowmoreCell.swift in Sources */,
				A6C646B31C25503500B417C9 /* Quotes.swift in Sources */,
				712E9F071C2BBC03006BE6CA /* DetailServiceViewController.swift in Sources */,
				A6C5DD9F1C1D44B400A7DB9D /* ServiceDetailNameCell.swift in Sources */,
				A69BDDDB1C181714005CA6C6 /* SwiftySideMenuViewController.m in Sources */,
				A6C5DD9C1C1D420A00A7DB9D /* RepairServiceViewController.swift in Sources */,
				CEDB2EA61C27E05C009730C9 /* ServiceSummaryViewController.swift in Sources */,
				71721BBC1C2D00ED008E7E56 /* ReviewsCell.swift in Sources */,
				71F4A2F31C1C18B8008BF810 /* TransportationDetailControllerViewController.swift in Sources */,
				71721BB61C2CE003008E7E56 /* InfoCell.swift in Sources */,
				CECBE02E1C22EA24004F6C55 /* PaymentMethodViewController.swift in Sources */,
				A6D2C5C51C2998E500321254 /* ConfrimViewController.swift in Sources */,
				71F0A6AB1C284FF400A1AAD3 /* RightViewController.swift in Sources */,
				710262821C1D4B4C0009724D /* NewTransportationViewController.swift in Sources */,
				CE7762451C254D1E0074937F /* CurrencyTableViewCell.swift in Sources */,
				71F4A2FA1C1C3947008BF810 /* HistoryDetailControler.swift in Sources */,
				CE8C133E1C1DC15C00D1AA09 /* ForgotPasswordViewController.swift in Sources */,
				CE5514AF1C2AEE90006DF3B5 /* EmergencyViewController.swift in Sources */,
				A6C5DDA31C1DA4DC00A7DB9D /* QuotesTableViewCell.swift in Sources */,
				71721BB81C2CF5AB008E7E56 /* QuotationCell.swift in Sources */,
				A60EE73F1C2F05D300306B2B /* ReceivedViewController.swift in Sources */,
				A69B8EA11C29D55D005D8BD6 /* (null) in Sources */,
				7111A5201C1BC55100FA17A5 /* ProfileViewController.swift in Sources */,
				71BA05061C2D54B600FAC038 /* UINavigationBar+Awesome.m in Sources */,
				A6C646B11C254F6D00B417C9 /* ReviewModel.swift in Sources */,
				CEDB2EA21C27E036009730C9 /* ReceivedServiceViewController.swift in Sources */,
				A621F6021C28770E00D19952 /* ListReviewViewController.swift in Sources */,
				CE8C133D1C1DC15C00D1AA09 /* RegisterViewController.swift in Sources */,
				CE13954A1C1087D100A67657 /* AppDelegate.swift in Sources */,
				415CDE3D1C30FF7800402186 /* Request.swift in Sources */,
				712171D51C311A7D00D9B397 /* SCLAlertView.swift in Sources */,
				A6D2C5D21C29A78400321254 /* XHAmazingLoadingMusicsAnimation.m in Sources */,
				7173FB571C215CE700C1DD3A /* ColorUtils.swift in Sources */,
				71F4A3061C1C9B96008BF810 /* EditProfileViewController.swift in Sources */,
				CECBE0341C23007B004F6C55 /* PaymentMethodTableViewCell.swift in Sources */,
				71F4A3001C1C9552008BF810 /* MKTextField.swift in Sources */,
				CE7762431C253D860074937F /* ChangePasswordViewController.swift in Sources */,
				CECBE0301C22EA52004F6C55 /* SettingViewController.swift in Sources */,
				A6D83C3A1C2F12330053DD64 /* FinishServiceViewController.swift in Sources */,
				7173FB591C2180BC00C1DD3A /* UIUtils.swift in Sources */,
				7179274F1C288DAC002C399F /* FilterServiceCell.swift in Sources */,
				A62206141C269DFF00B7C864 /* SideMenuController.swift in Sources */,
				A6D2C5D81C29A79800321254 /* XHLayerHelper.m in Sources */,
				A69BDDE11C181D0B005CA6C6 /* TimelineViewController.swift in Sources */,
				7115C4191C21A0CA0029ACB6 /* UIVViewController-SLPopup.swift in Sources */,
				71437D331C225BB1003B3AE1 /* XEEMService.swift in Sources */,
				A6D2C5D31C29A78400321254 /* XHAmazingLoadingSkypeAnimation.m in Sources */,
				A6C646AF1C254D9500B417C9 /* ShopModel.swift in Sources */,
				4144D91B1C2FAF7C00076FE5 /* TransportationTableViewCell.swift in Sources */,
				A6C5DDAB1C1DAE5200A7DB9D /* ReviewCell.swift in Sources */,
				A6D2C5DE1C29A7B800321254 /* XHAmazingLoadingView.m in Sources */,
				41A6AD061C3AA2270085BDC4 /* CircleShapeLayer.m in Sources */,
				A6D2C5D41C29A78400321254 /* XHAmazingLoadingStarAnimation.m in Sources */,
				A62206161C26A66300B7C864 /* OptionsViewController.swift in Sources */,
				71CD91E71C292BA800DDE36C /* ApplyFilterCell.swift in Sources */,
				71F4A2EF1C1BF8F0008BF810 /* Transportation.swift in Sources */,
				71F4A2F51C1C197F008BF810 /* HistoryCell.swift in Sources */,
				A699AEE31C319935006445B1 /* FristViewController.swift in Sources */,
				71721BB41C2CDC62008E7E56 /* BannerCell.swift in Sources */,
				7107F5781C29F3B3002817D6 /* FloatRatingView.swift in Sources */,
				71F4A3041C1C95BB008BF810 /* MKColor.swift in Sources */,
			);
			runOnlyForDeploymentPostprocessing = 0;
		};
/* End PBXSourcesBuildPhase section */

/* Begin PBXTargetDependency section */
		A699AE8E1C311599006445B1 /* PBXTargetDependency */ = {
			isa = PBXTargetDependency;
			target = A699AE781C311599006445B1 /* XEEM_CUSTOMER */;
			targetProxy = A699AE8D1C311599006445B1 /* PBXContainerItemProxy */;
		};
		A699AE991C311599006445B1 /* PBXTargetDependency */ = {
			isa = PBXTargetDependency;
			target = A699AE781C311599006445B1 /* XEEM_CUSTOMER */;
			targetProxy = A699AE981C311599006445B1 /* PBXContainerItemProxy */;
		};
/* End PBXTargetDependency section */

/* Begin PBXVariantGroup section */
		CE13954D1C1087D100A67657 /* Main.storyboard */ = {
			isa = PBXVariantGroup;
			children = (
				CE13954E1C1087D100A67657 /* Base */,
			);
			name = Main.storyboard;
			sourceTree = "<group>";
		};
		CE1395521C1087D100A67657 /* LaunchScreen.storyboard */ = {
			isa = PBXVariantGroup;
			children = (
				CE1395531C1087D100A67657 /* Base */,
			);
			name = LaunchScreen.storyboard;
			sourceTree = "<group>";
		};
/* End PBXVariantGroup section */

/* Begin XCBuildConfiguration section */
		A699AE9E1C311599006445B1 /* Debug */ = {
			isa = XCBuildConfiguration;
			buildSettings = {
				ASSETCATALOG_COMPILER_APPICON_NAME = AppIcon;
				CLANG_ENABLE_MODULES = YES;
				CODE_SIGN_IDENTITY = "iPhone Developer";
				INFOPLIST_FILE = XEEM_CUSTOMER/Info.plist;
				IPHONEOS_DEPLOYMENT_TARGET = 9.2;
				LD_RUNPATH_SEARCH_PATHS = "$(inherited) @executable_path/Frameworks";
				PRODUCT_BUNDLE_IDENTIFIER = "aaaa.XEEM-CUSTOMER";
				PRODUCT_NAME = "$(TARGET_NAME)";
				SWIFT_OBJC_BRIDGING_HEADER = "XEEM_CUSTOMER/XEEM_CUSTOMER-Bridging-Header.h";
				SWIFT_OPTIMIZATION_LEVEL = "-Onone";
				TARGETED_DEVICE_FAMILY = "1,2";
			};
			name = Debug;
		};
		A699AE9F1C311599006445B1 /* Release */ = {
			isa = XCBuildConfiguration;
			buildSettings = {
				ASSETCATALOG_COMPILER_APPICON_NAME = AppIcon;
				CLANG_ENABLE_MODULES = YES;
				CODE_SIGN_IDENTITY = "iPhone Developer";
				INFOPLIST_FILE = XEEM_CUSTOMER/Info.plist;
				IPHONEOS_DEPLOYMENT_TARGET = 9.2;
				LD_RUNPATH_SEARCH_PATHS = "$(inherited) @executable_path/Frameworks";
				PRODUCT_BUNDLE_IDENTIFIER = "aaaa.XEEM-CUSTOMER";
				PRODUCT_NAME = "$(TARGET_NAME)";
				SWIFT_OBJC_BRIDGING_HEADER = "XEEM_CUSTOMER/XEEM_CUSTOMER-Bridging-Header.h";
				TARGETED_DEVICE_FAMILY = "1,2";
			};
			name = Release;
		};
		A699AEA01C311599006445B1 /* Debug */ = {
			isa = XCBuildConfiguration;
			buildSettings = {
				BUNDLE_LOADER = "$(TEST_HOST)";
				INFOPLIST_FILE = XEEM_CUSTOMERTests/Info.plist;
				IPHONEOS_DEPLOYMENT_TARGET = 9.2;
				LD_RUNPATH_SEARCH_PATHS = "$(inherited) @executable_path/Frameworks @loader_path/Frameworks";
				PRODUCT_BUNDLE_IDENTIFIER = "aaaa.XEEM-CUSTOMERTests";
				PRODUCT_NAME = "$(TARGET_NAME)";
				TEST_HOST = "$(BUILT_PRODUCTS_DIR)/XEEM_CUSTOMER.app/XEEM_CUSTOMER";
			};
			name = Debug;
		};
		A699AEA11C311599006445B1 /* Release */ = {
			isa = XCBuildConfiguration;
			buildSettings = {
				BUNDLE_LOADER = "$(TEST_HOST)";
				INFOPLIST_FILE = XEEM_CUSTOMERTests/Info.plist;
				IPHONEOS_DEPLOYMENT_TARGET = 9.2;
				LD_RUNPATH_SEARCH_PATHS = "$(inherited) @executable_path/Frameworks @loader_path/Frameworks";
				PRODUCT_BUNDLE_IDENTIFIER = "aaaa.XEEM-CUSTOMERTests";
				PRODUCT_NAME = "$(TARGET_NAME)";
				TEST_HOST = "$(BUILT_PRODUCTS_DIR)/XEEM_CUSTOMER.app/XEEM_CUSTOMER";
			};
			name = Release;
		};
		A699AEA21C311599006445B1 /* Debug */ = {
			isa = XCBuildConfiguration;
			buildSettings = {
				INFOPLIST_FILE = XEEM_CUSTOMERUITests/Info.plist;
				IPHONEOS_DEPLOYMENT_TARGET = 9.2;
				LD_RUNPATH_SEARCH_PATHS = "$(inherited) @executable_path/Frameworks @loader_path/Frameworks";
				PRODUCT_BUNDLE_IDENTIFIER = "aaaa.XEEM-CUSTOMERUITests";
				PRODUCT_NAME = "$(TARGET_NAME)";
				TEST_TARGET_NAME = XEEM_CUSTOMER;
				USES_XCTRUNNER = YES;
			};
			name = Debug;
		};
		A699AEA31C311599006445B1 /* Release */ = {
			isa = XCBuildConfiguration;
			buildSettings = {
				INFOPLIST_FILE = XEEM_CUSTOMERUITests/Info.plist;
				IPHONEOS_DEPLOYMENT_TARGET = 9.2;
				LD_RUNPATH_SEARCH_PATHS = "$(inherited) @executable_path/Frameworks @loader_path/Frameworks";
				PRODUCT_BUNDLE_IDENTIFIER = "aaaa.XEEM-CUSTOMERUITests";
				PRODUCT_NAME = "$(TARGET_NAME)";
				TEST_TARGET_NAME = XEEM_CUSTOMER;
				USES_XCTRUNNER = YES;
			};
			name = Release;
		};
		CE1395561C1087D100A67657 /* Debug */ = {
			isa = XCBuildConfiguration;
			buildSettings = {
				ALWAYS_SEARCH_USER_PATHS = NO;
				CLANG_CXX_LANGUAGE_STANDARD = "gnu++0x";
				CLANG_CXX_LIBRARY = "libc++";
				CLANG_ENABLE_MODULES = YES;
				CLANG_ENABLE_OBJC_ARC = YES;
				CLANG_WARN_BOOL_CONVERSION = YES;
				CLANG_WARN_CONSTANT_CONVERSION = YES;
				CLANG_WARN_DIRECT_OBJC_ISA_USAGE = YES_ERROR;
				CLANG_WARN_EMPTY_BODY = YES;
				CLANG_WARN_ENUM_CONVERSION = YES;
				CLANG_WARN_INT_CONVERSION = YES;
				CLANG_WARN_OBJC_ROOT_CLASS = YES_ERROR;
				CLANG_WARN_UNREACHABLE_CODE = YES;
				CLANG_WARN__DUPLICATE_METHOD_MATCH = YES;
				"CODE_SIGN_IDENTITY[sdk=iphoneos*]" = "iPhone Developer";
				COPY_PHASE_STRIP = NO;
				DEBUG_INFORMATION_FORMAT = dwarf;
				ENABLE_STRICT_OBJC_MSGSEND = YES;
				ENABLE_TESTABILITY = YES;
				GCC_C_LANGUAGE_STANDARD = gnu99;
				GCC_DYNAMIC_NO_PIC = NO;
				GCC_NO_COMMON_BLOCKS = YES;
				GCC_OPTIMIZATION_LEVEL = 0;
				GCC_PREPROCESSOR_DEFINITIONS = (
					"DEBUG=1",
					"$(inherited)",
				);
				GCC_WARN_64_TO_32_BIT_CONVERSION = YES;
				GCC_WARN_ABOUT_RETURN_TYPE = YES_ERROR;
				GCC_WARN_UNDECLARED_SELECTOR = YES;
				GCC_WARN_UNINITIALIZED_AUTOS = YES_AGGRESSIVE;
				GCC_WARN_UNUSED_FUNCTION = YES;
				GCC_WARN_UNUSED_VARIABLE = YES;
				IPHONEOS_DEPLOYMENT_TARGET = 9.1;
				MTL_ENABLE_DEBUG_INFO = YES;
				ONLY_ACTIVE_ARCH = YES;
				SDKROOT = iphoneos;
				SWIFT_OPTIMIZATION_LEVEL = "-Onone";
			};
			name = Debug;
		};
		CE1395571C1087D100A67657 /* Release */ = {
			isa = XCBuildConfiguration;
			buildSettings = {
				ALWAYS_SEARCH_USER_PATHS = NO;
				CLANG_CXX_LANGUAGE_STANDARD = "gnu++0x";
				CLANG_CXX_LIBRARY = "libc++";
				CLANG_ENABLE_MODULES = YES;
				CLANG_ENABLE_OBJC_ARC = YES;
				CLANG_WARN_BOOL_CONVERSION = YES;
				CLANG_WARN_CONSTANT_CONVERSION = YES;
				CLANG_WARN_DIRECT_OBJC_ISA_USAGE = YES_ERROR;
				CLANG_WARN_EMPTY_BODY = YES;
				CLANG_WARN_ENUM_CONVERSION = YES;
				CLANG_WARN_INT_CONVERSION = YES;
				CLANG_WARN_OBJC_ROOT_CLASS = YES_ERROR;
				CLANG_WARN_UNREACHABLE_CODE = YES;
				CLANG_WARN__DUPLICATE_METHOD_MATCH = YES;
				"CODE_SIGN_IDENTITY[sdk=iphoneos*]" = "iPhone Developer";
				COPY_PHASE_STRIP = NO;
				DEBUG_INFORMATION_FORMAT = "dwarf-with-dsym";
				ENABLE_NS_ASSERTIONS = NO;
				ENABLE_STRICT_OBJC_MSGSEND = YES;
				GCC_C_LANGUAGE_STANDARD = gnu99;
				GCC_NO_COMMON_BLOCKS = YES;
				GCC_WARN_64_TO_32_BIT_CONVERSION = YES;
				GCC_WARN_ABOUT_RETURN_TYPE = YES_ERROR;
				GCC_WARN_UNDECLARED_SELECTOR = YES;
				GCC_WARN_UNINITIALIZED_AUTOS = YES_AGGRESSIVE;
				GCC_WARN_UNUSED_FUNCTION = YES;
				GCC_WARN_UNUSED_VARIABLE = YES;
				IPHONEOS_DEPLOYMENT_TARGET = 9.1;
				MTL_ENABLE_DEBUG_INFO = NO;
				SDKROOT = iphoneos;
				SWIFT_OPTIMIZATION_LEVEL = "-Onone";
				VALIDATE_PRODUCT = YES;
			};
			name = Release;
		};
		CE1395591C1087D100A67657 /* Debug */ = {
			isa = XCBuildConfiguration;
			baseConfigurationReference = DF46DDB94906979469AB52C5 /* Pods-XEEM.debug.xcconfig */;
			buildSettings = {
				ASSETCATALOG_COMPILER_APPICON_NAME = AppIcon;
				CLANG_ENABLE_MODULES = YES;
				CODE_SIGN_IDENTITY = "iPhone Developer";
				"CODE_SIGN_IDENTITY[sdk=iphoneos*]" = "iPhone Developer";
				INFOPLIST_FILE = XEEM/Info.plist;
				IPHONEOS_DEPLOYMENT_TARGET = 9.0;
				LD_RUNPATH_SEARCH_PATHS = "$(inherited) @executable_path/Frameworks";
				PRODUCT_BUNDLE_IDENTIFIER = com.xeem;
				PRODUCT_NAME = "$(TARGET_NAME)";
				PROVISIONING_PROFILE = "";
				SWIFT_OBJC_BRIDGING_HEADER = "XEEM/XEEM-Bridging-Header.h";
				SWIFT_OPTIMIZATION_LEVEL = "-Onone";
			};
			name = Debug;
		};
		CE13955A1C1087D100A67657 /* Release */ = {
			isa = XCBuildConfiguration;
			baseConfigurationReference = 999146997734BAF01AF7905C /* Pods-XEEM.release.xcconfig */;
			buildSettings = {
				ASSETCATALOG_COMPILER_APPICON_NAME = AppIcon;
				CLANG_ENABLE_MODULES = YES;
				CODE_SIGN_IDENTITY = "iPhone Developer";
				"CODE_SIGN_IDENTITY[sdk=iphoneos*]" = "iPhone Developer";
				INFOPLIST_FILE = XEEM/Info.plist;
				IPHONEOS_DEPLOYMENT_TARGET = 9.0;
				LD_RUNPATH_SEARCH_PATHS = "$(inherited) @executable_path/Frameworks";
				PRODUCT_BUNDLE_IDENTIFIER = com.xeem;
				PRODUCT_NAME = "$(TARGET_NAME)";
				PROVISIONING_PROFILE = "";
				SWIFT_OBJC_BRIDGING_HEADER = "XEEM/XEEM-Bridging-Header.h";
				SWIFT_OPTIMIZATION_LEVEL = "-O";
			};
			name = Release;
		};
/* End XCBuildConfiguration section */

/* Begin XCConfigurationList section */
		A699AEA41C311599006445B1 /* Build configuration list for PBXNativeTarget "XEEM_CUSTOMER" */ = {
			isa = XCConfigurationList;
			buildConfigurations = (
				A699AE9E1C311599006445B1 /* Debug */,
				A699AE9F1C311599006445B1 /* Release */,
			);
			defaultConfigurationIsVisible = 0;
			defaultConfigurationName = Release;
		};
		A699AEA51C311599006445B1 /* Build configuration list for PBXNativeTarget "XEEM_CUSTOMERTests" */ = {
			isa = XCConfigurationList;
			buildConfigurations = (
				A699AEA01C311599006445B1 /* Debug */,
				A699AEA11C311599006445B1 /* Release */,
			);
			defaultConfigurationIsVisible = 0;
			defaultConfigurationName = Release;
		};
		A699AEA61C311599006445B1 /* Build configuration list for PBXNativeTarget "XEEM_CUSTOMERUITests" */ = {
			isa = XCConfigurationList;
			buildConfigurations = (
				A699AEA21C311599006445B1 /* Debug */,
				A699AEA31C311599006445B1 /* Release */,
			);
			defaultConfigurationIsVisible = 0;
			defaultConfigurationName = Release;
		};
		CE1395411C1087D000A67657 /* Build configuration list for PBXProject "XEEM" */ = {
			isa = XCConfigurationList;
			buildConfigurations = (
				CE1395561C1087D100A67657 /* Debug */,
				CE1395571C1087D100A67657 /* Release */,
			);
			defaultConfigurationIsVisible = 0;
			defaultConfigurationName = Release;
		};
		CE1395581C1087D100A67657 /* Build configuration list for PBXNativeTarget "XEEM" */ = {
			isa = XCConfigurationList;
			buildConfigurations = (
				CE1395591C1087D100A67657 /* Debug */,
				CE13955A1C1087D100A67657 /* Release */,
			);
			defaultConfigurationIsVisible = 0;
			defaultConfigurationName = Release;
		};
/* End XCConfigurationList section */
	};
	rootObject = CE13953E1C1087D000A67657 /* Project object */;
}
